
Microsoft Visual Studio Solution File, Format Version 12.00
# Visual Studio Version 17
VisualStudioVersion = 17.11.35312.102
MinimumVisualStudioVersion = 10.0.40219.1
Project("{FAE04EC0-301F-11D3-BF4B-00C04F79EFBC}") = "Conditional_Statements", "Conditional_Statements\Conditional_Statements.csproj", "{FC434B7A-74B1-47E0-9F1E-6202DFDF20EB}"
EndProject
Project("{FAE04EC0-301F-11D3-BF4B-00C04F79EFBC}") = "Task", "Task\Task.csproj", "{EC134319-6D23-4E86-A145-007423E4D39E}"
EndProject
Project("{FAE04EC0-301F-11D3-BF4B-00C04F79EFBC}") = "Basics", "Basics\Basics.csproj", "{FEBAD3F3-864B-4B7C-BD75-F706EE06AA76}"
EndProject
Project("{FAE04EC0-301F-11D3-BF4B-00C04F79EFBC}") = "Datatypes", "Datatypes\Datatypes.csproj", "{7DDCD66F-6813-486F-916D-CF95ADDD8811}"
EndProject
Project("{2150E333-8FDC-42A3-9474-1A3956D46DE8}") = "Problems", "Problems", "{DE1DC984-C33A-4280-8D85-C23E0DB8A8C8}"
EndProject
Project("{FAE04EC0-301F-11D3-BF4B-00C04F79EFBC}") = "Capitalize_And_Replace_Space", "Capitalize_And_Replace_Space\Capitalize_And_Replace_Space.csproj", "{A2E75AE8-7E0C-4A86-BEC3-AFFDAEEFDD15}"
EndProject
Project("{FAE04EC0-301F-11D3-BF4B-00C04F79EFBC}") = "Break_And_Continue", "Break_And_Continue\Break_And_Continue.csproj", "{76E00C6D-65C5-461E-A68D-63E6DD52419A}"
EndProject
Project("{FAE04EC0-301F-11D3-BF4B-00C04F79EFBC}") = "Last_Character_of_String", "Last_Character_of_String\Last_Character_of_String.csproj", "{D1914296-211F-44CC-9969-C7CB6B84282E}"
EndProject
Project("{FAE04EC0-301F-11D3-BF4B-00C04F79EFBC}") = "Number_Pattern_Sum", "Number_Pattern_Sum\Number_Pattern_Sum.csproj", "{2B1757F4-0B4A-4CD9-806B-6F0E3158CFFA}"
EndProject
Project("{2150E333-8FDC-42A3-9474-1A3956D46DE8}") = "Solution Items", "Solution Items", "{A5DB00CA-38DD-4C19-83C1-EC3F28DB0218}"
	ProjectSection(SolutionItems) = preProject
		.gitignore = .gitignore
	EndProjectSection
EndProject
Project("{FAE04EC0-301F-11D3-BF4B-00C04F79EFBC}") = "Rectangle_Printing", "Rectangle_Printing\Rectangle_Printing.csproj", "{36DFBA08-DE99-46E1-9861-E9ED86D8CFBE}"
EndProject
Project("{FAE04EC0-301F-11D3-BF4B-00C04F79EFBC}") = "Learning", "Learning\Learning.csproj", "{28A47A79-9C90-4E97-8B96-60515A8BBF22}"
EndProject
Project("{2150E333-8FDC-42A3-9474-1A3956D46DE8}") = "Temp", "Temp", "{91159719-22E6-421B-B14D-66BA72587BBB}"
EndProject
Project("{FAE04EC0-301F-11D3-BF4B-00C04F79EFBC}") = "Arrays", "Arrays\Arrays.csproj", "{F61DB362-A390-4E2A-94B0-EC30CD09D0B4}"
EndProject
Project("{FAE04EC0-301F-11D3-BF4B-00C04F79EFBC}") = "Infinite_Insertion_Using_Array_Resizing", "Infinite_Insertion_Using_Array_Resizing\Infinite_Insertion_Using_Array_Resizing.csproj", "{B0094062-184C-4086-852A-CADB7E348303}"
EndProject
Project("{FAE04EC0-301F-11D3-BF4B-00C04F79EFBC}") = "Reversing_Elements_in_Array", "Reversing_Elements_in_Array\Reversing_Elements_in_Array.csproj", "{49F881D3-8120-413E-AB61-AFF466C421AB}"
EndProject
Project("{FAE04EC0-301F-11D3-BF4B-00C04F79EFBC}") = "Splitting_And_Reversing_Array", "Splitting_And_Reversing_Array\Splitting_And_Reversing_Array.csproj", "{FAFD93ED-8E33-4E8E-A5A0-1F7C466824D0}"
EndProject
Project("{FAE04EC0-301F-11D3-BF4B-00C04F79EFBC}") = "Strings", "String_Functions\Strings.csproj", "{0EF63EE1-9BA2-4B12-8389-7865957B4274}"
EndProject
Project("{2150E333-8FDC-42A3-9474-1A3956D46DE8}") = "Functions", "Functions", "{62FAC195-2147-432A-A7F6-4F582C22BE34}"
EndProject
Project("{FAE04EC0-301F-11D3-BF4B-00C04F79EFBC}") = "Sum_of_Two_Numbers", "Sum_of_Numbers\Sum_of_Two_Numbers.csproj", "{36FFA0AB-2F44-4E00-A2F2-2FB043438303}"
EndProject
Project("{FAE04EC0-301F-11D3-BF4B-00C04F79EFBC}") = "Simple_Calculator", "Simple_Calculator\Simple_Calculator.csproj", "{80A3CCA2-1AC7-4D2B-881F-A9A76EB8AD25}"
EndProject
Project("{FAE04EC0-301F-11D3-BF4B-00C04F79EFBC}") = "Functions", "Functions\Functions.csproj", "{EB0D0B7B-6267-4868-AD7D-A872CFE06C37}"
EndProject
Project("{2150E333-8FDC-42A3-9474-1A3956D46DE8}") = "Arrays", "Arrays", "{72C4635D-D363-420D-ACE5-B6F2676C243B}"
EndProject
Project("{FAE04EC0-301F-11D3-BF4B-00C04F79EFBC}") = "Array_Functions", "Array_Functions\Array_Functions.csproj", "{737490C3-2742-4AFC-9892-CFAC6F41B652}"
EndProject
Project("{FAE04EC0-301F-11D3-BF4B-00C04F79EFBC}") = "Sum_of_Even_Numbers", "Sum_of_Even_Numbers\Sum_of_Even_Numbers.csproj", "{208E539A-C813-47E9-AFFC-EA6D9649489D}"
EndProject
Project("{2150E333-8FDC-42A3-9474-1A3956D46DE8}") = "Strings", "Strings", "{4D4E2A39-EB51-40FF-8A2C-E17B33E582E6}"
EndProject
Global
	GlobalSection(SolutionConfigurationPlatforms) = preSolution
		Debug|Any CPU = Debug|Any CPU
		Release|Any CPU = Release|Any CPU
	EndGlobalSection
	GlobalSection(ProjectConfigurationPlatforms) = postSolution
		{FC434B7A-74B1-47E0-9F1E-6202DFDF20EB}.Debug|Any CPU.ActiveCfg = Debug|Any CPU
		{FC434B7A-74B1-47E0-9F1E-6202DFDF20EB}.Debug|Any CPU.Build.0 = Debug|Any CPU
		{FC434B7A-74B1-47E0-9F1E-6202DFDF20EB}.Release|Any CPU.ActiveCfg = Release|Any CPU
		{FC434B7A-74B1-47E0-9F1E-6202DFDF20EB}.Release|Any CPU.Build.0 = Release|Any CPU
		{EC134319-6D23-4E86-A145-007423E4D39E}.Debug|Any CPU.ActiveCfg = Debug|Any CPU
		{EC134319-6D23-4E86-A145-007423E4D39E}.Debug|Any CPU.Build.0 = Debug|Any CPU
		{EC134319-6D23-4E86-A145-007423E4D39E}.Release|Any CPU.ActiveCfg = Release|Any CPU
		{EC134319-6D23-4E86-A145-007423E4D39E}.Release|Any CPU.Build.0 = Release|Any CPU
		{FEBAD3F3-864B-4B7C-BD75-F706EE06AA76}.Debug|Any CPU.ActiveCfg = Debug|Any CPU
		{FEBAD3F3-864B-4B7C-BD75-F706EE06AA76}.Debug|Any CPU.Build.0 = Debug|Any CPU
		{FEBAD3F3-864B-4B7C-BD75-F706EE06AA76}.Release|Any CPU.ActiveCfg = Release|Any CPU
		{FEBAD3F3-864B-4B7C-BD75-F706EE06AA76}.Release|Any CPU.Build.0 = Release|Any CPU
		{7DDCD66F-6813-486F-916D-CF95ADDD8811}.Debug|Any CPU.ActiveCfg = Debug|Any CPU
		{7DDCD66F-6813-486F-916D-CF95ADDD8811}.Debug|Any CPU.Build.0 = Debug|Any CPU
		{7DDCD66F-6813-486F-916D-CF95ADDD8811}.Release|Any CPU.ActiveCfg = Release|Any CPU
		{7DDCD66F-6813-486F-916D-CF95ADDD8811}.Release|Any CPU.Build.0 = Release|Any CPU
		{A2E75AE8-7E0C-4A86-BEC3-AFFDAEEFDD15}.Debug|Any CPU.ActiveCfg = Debug|Any CPU
		{A2E75AE8-7E0C-4A86-BEC3-AFFDAEEFDD15}.Debug|Any CPU.Build.0 = Debug|Any CPU
		{A2E75AE8-7E0C-4A86-BEC3-AFFDAEEFDD15}.Release|Any CPU.ActiveCfg = Release|Any CPU
		{A2E75AE8-7E0C-4A86-BEC3-AFFDAEEFDD15}.Release|Any CPU.Build.0 = Release|Any CPU
		{76E00C6D-65C5-461E-A68D-63E6DD52419A}.Debug|Any CPU.ActiveCfg = Debug|Any CPU
		{76E00C6D-65C5-461E-A68D-63E6DD52419A}.Debug|Any CPU.Build.0 = Debug|Any CPU
		{76E00C6D-65C5-461E-A68D-63E6DD52419A}.Release|Any CPU.ActiveCfg = Release|Any CPU
		{76E00C6D-65C5-461E-A68D-63E6DD52419A}.Release|Any CPU.Build.0 = Release|Any CPU
		{D1914296-211F-44CC-9969-C7CB6B84282E}.Debug|Any CPU.ActiveCfg = Debug|Any CPU
		{D1914296-211F-44CC-9969-C7CB6B84282E}.Debug|Any CPU.Build.0 = Debug|Any CPU
		{D1914296-211F-44CC-9969-C7CB6B84282E}.Release|Any CPU.ActiveCfg = Release|Any CPU
		{D1914296-211F-44CC-9969-C7CB6B84282E}.Release|Any CPU.Build.0 = Release|Any CPU
		{2B1757F4-0B4A-4CD9-806B-6F0E3158CFFA}.Debug|Any CPU.ActiveCfg = Debug|Any CPU
		{2B1757F4-0B4A-4CD9-806B-6F0E3158CFFA}.Debug|Any CPU.Build.0 = Debug|Any CPU
		{2B1757F4-0B4A-4CD9-806B-6F0E3158CFFA}.Release|Any CPU.ActiveCfg = Release|Any CPU
		{2B1757F4-0B4A-4CD9-806B-6F0E3158CFFA}.Release|Any CPU.Build.0 = Release|Any CPU
		{36DFBA08-DE99-46E1-9861-E9ED86D8CFBE}.Debug|Any CPU.ActiveCfg = Debug|Any CPU
		{36DFBA08-DE99-46E1-9861-E9ED86D8CFBE}.Debug|Any CPU.Build.0 = Debug|Any CPU
		{36DFBA08-DE99-46E1-9861-E9ED86D8CFBE}.Release|Any CPU.ActiveCfg = Release|Any CPU
		{36DFBA08-DE99-46E1-9861-E9ED86D8CFBE}.Release|Any CPU.Build.0 = Release|Any CPU
		{28A47A79-9C90-4E97-8B96-60515A8BBF22}.Debug|Any CPU.ActiveCfg = Debug|Any CPU
		{28A47A79-9C90-4E97-8B96-60515A8BBF22}.Debug|Any CPU.Build.0 = Debug|Any CPU
		{28A47A79-9C90-4E97-8B96-60515A8BBF22}.Release|Any CPU.ActiveCfg = Release|Any CPU
		{28A47A79-9C90-4E97-8B96-60515A8BBF22}.Release|Any CPU.Build.0 = Release|Any CPU
		{F61DB362-A390-4E2A-94B0-EC30CD09D0B4}.Debug|Any CPU.ActiveCfg = Debug|Any CPU
		{F61DB362-A390-4E2A-94B0-EC30CD09D0B4}.Debug|Any CPU.Build.0 = Debug|Any CPU
		{F61DB362-A390-4E2A-94B0-EC30CD09D0B4}.Release|Any CPU.ActiveCfg = Release|Any CPU
		{F61DB362-A390-4E2A-94B0-EC30CD09D0B4}.Release|Any CPU.Build.0 = Release|Any CPU
		{B0094062-184C-4086-852A-CADB7E348303}.Debug|Any CPU.ActiveCfg = Debug|Any CPU
		{B0094062-184C-4086-852A-CADB7E348303}.Debug|Any CPU.Build.0 = Debug|Any CPU
		{B0094062-184C-4086-852A-CADB7E348303}.Release|Any CPU.ActiveCfg = Release|Any CPU
		{B0094062-184C-4086-852A-CADB7E348303}.Release|Any CPU.Build.0 = Release|Any CPU
		{49F881D3-8120-413E-AB61-AFF466C421AB}.Debug|Any CPU.ActiveCfg = Debug|Any CPU
		{49F881D3-8120-413E-AB61-AFF466C421AB}.Debug|Any CPU.Build.0 = Debug|Any CPU
		{49F881D3-8120-413E-AB61-AFF466C421AB}.Release|Any CPU.ActiveCfg = Release|Any CPU
		{49F881D3-8120-413E-AB61-AFF466C421AB}.Release|Any CPU.Build.0 = Release|Any CPU
		{FAFD93ED-8E33-4E8E-A5A0-1F7C466824D0}.Debug|Any CPU.ActiveCfg = Debug|Any CPU
		{FAFD93ED-8E33-4E8E-A5A0-1F7C466824D0}.Debug|Any CPU.Build.0 = Debug|Any CPU
		{FAFD93ED-8E33-4E8E-A5A0-1F7C466824D0}.Release|Any CPU.ActiveCfg = Release|Any CPU
		{FAFD93ED-8E33-4E8E-A5A0-1F7C466824D0}.Release|Any CPU.Build.0 = Release|Any CPU
		{0EF63EE1-9BA2-4B12-8389-7865957B4274}.Debug|Any CPU.ActiveCfg = Debug|Any CPU
		{0EF63EE1-9BA2-4B12-8389-7865957B4274}.Debug|Any CPU.Build.0 = Debug|Any CPU
		{0EF63EE1-9BA2-4B12-8389-7865957B4274}.Release|Any CPU.ActiveCfg = Release|Any CPU
		{0EF63EE1-9BA2-4B12-8389-7865957B4274}.Release|Any CPU.Build.0 = Release|Any CPU
		{36FFA0AB-2F44-4E00-A2F2-2FB043438303}.Debug|Any CPU.ActiveCfg = Debug|Any CPU
		{36FFA0AB-2F44-4E00-A2F2-2FB043438303}.Debug|Any CPU.Build.0 = Debug|Any CPU
		{36FFA0AB-2F44-4E00-A2F2-2FB043438303}.Release|Any CPU.ActiveCfg = Release|Any CPU
		{36FFA0AB-2F44-4E00-A2F2-2FB043438303}.Release|Any CPU.Build.0 = Release|Any CPU
		{80A3CCA2-1AC7-4D2B-881F-A9A76EB8AD25}.Debug|Any CPU.ActiveCfg = Debug|Any CPU
		{80A3CCA2-1AC7-4D2B-881F-A9A76EB8AD25}.Debug|Any CPU.Build.0 = Debug|Any CPU
		{80A3CCA2-1AC7-4D2B-881F-A9A76EB8AD25}.Release|Any CPU.ActiveCfg = Release|Any CPU
		{80A3CCA2-1AC7-4D2B-881F-A9A76EB8AD25}.Release|Any CPU.Build.0 = Release|Any CPU
		{EB0D0B7B-6267-4868-AD7D-A872CFE06C37}.Debug|Any CPU.ActiveCfg = Debug|Any CPU
		{EB0D0B7B-6267-4868-AD7D-A872CFE06C37}.Debug|Any CPU.Build.0 = Debug|Any CPU
		{EB0D0B7B-6267-4868-AD7D-A872CFE06C37}.Release|Any CPU.ActiveCfg = Release|Any CPU
		{EB0D0B7B-6267-4868-AD7D-A872CFE06C37}.Release|Any CPU.Build.0 = Release|Any CPU
		{737490C3-2742-4AFC-9892-CFAC6F41B652}.Debug|Any CPU.ActiveCfg = Debug|Any CPU
		{737490C3-2742-4AFC-9892-CFAC6F41B652}.Debug|Any CPU.Build.0 = Debug|Any CPU
		{737490C3-2742-4AFC-9892-CFAC6F41B652}.Release|Any CPU.ActiveCfg = Release|Any CPU
		{737490C3-2742-4AFC-9892-CFAC6F41B652}.Release|Any CPU.Build.0 = Release|Any CPU
		{208E539A-C813-47E9-AFFC-EA6D9649489D}.Debug|Any CPU.ActiveCfg = Debug|Any CPU
		{208E539A-C813-47E9-AFFC-EA6D9649489D}.Debug|Any CPU.Build.0 = Debug|Any CPU
		{208E539A-C813-47E9-AFFC-EA6D9649489D}.Release|Any CPU.ActiveCfg = Release|Any CPU
		{208E539A-C813-47E9-AFFC-EA6D9649489D}.Release|Any CPU.Build.0 = Release|Any CPU
	EndGlobalSection
	GlobalSection(SolutionProperties) = preSolution
		HideSolutionNode = FALSE
	EndGlobalSection
	GlobalSection(NestedProjects) = preSolution
		{EC134319-6D23-4E86-A145-007423E4D39E} = {91159719-22E6-421B-B14D-66BA72587BBB}
		{A2E75AE8-7E0C-4A86-BEC3-AFFDAEEFDD15} = {DE1DC984-C33A-4280-8D85-C23E0DB8A8C8}
		{D1914296-211F-44CC-9969-C7CB6B84282E} = {4D4E2A39-EB51-40FF-8A2C-E17B33E582E6}
		{2B1757F4-0B4A-4CD9-806B-6F0E3158CFFA} = {DE1DC984-C33A-4280-8D85-C23E0DB8A8C8}
		{36DFBA08-DE99-46E1-9861-E9ED86D8CFBE} = {DE1DC984-C33A-4280-8D85-C23E0DB8A8C8}
		{28A47A79-9C90-4E97-8B96-60515A8BBF22} = {91159719-22E6-421B-B14D-66BA72587BBB}
		{F61DB362-A390-4E2A-94B0-EC30CD09D0B4} = {72C4635D-D363-420D-ACE5-B6F2676C243B}
		{B0094062-184C-4086-852A-CADB7E348303} = {72C4635D-D363-420D-ACE5-B6F2676C243B}
		{49F881D3-8120-413E-AB61-AFF466C421AB} = {72C4635D-D363-420D-ACE5-B6F2676C243B}
		{FAFD93ED-8E33-4E8E-A5A0-1F7C466824D0} = {72C4635D-D363-420D-ACE5-B6F2676C243B}
		{0EF63EE1-9BA2-4B12-8389-7865957B4274} = {4D4E2A39-EB51-40FF-8A2C-E17B33E582E6}
		{36FFA0AB-2F44-4E00-A2F2-2FB043438303} = {62FAC195-2147-432A-A7F6-4F582C22BE34}
		{80A3CCA2-1AC7-4D2B-881F-A9A76EB8AD25} = {62FAC195-2147-432A-A7F6-4F582C22BE34}
		{EB0D0B7B-6267-4868-AD7D-A872CFE06C37} = {62FAC195-2147-432A-A7F6-4F582C22BE34}
		{737490C3-2742-4AFC-9892-CFAC6F41B652} = {72C4635D-D363-420D-ACE5-B6F2676C243B}
		{208E539A-C813-47E9-AFFC-EA6D9649489D} = {72C4635D-D363-420D-ACE5-B6F2676C243B}
	EndGlobalSection
	GlobalSection(ExtensibilityGlobals) = postSolution
		SolutionGuid = {25651972-302D-458B-A9CD-158A74CEB559}
	EndGlobalSection
EndGlobal
