
Microsoft Visual Studio Solution File, Format Version 12.00
# Visual Studio Version 17
VisualStudioVersion = 17.11.35312.102
MinimumVisualStudioVersion = 10.0.40219.1
Project("{FAE04EC0-301F-11D3-BF4B-00C04F79EFBC}") = "Conditional_Statements", "Conditional_Statements\Conditional_Statements.csproj", "{FC434B7A-74B1-47E0-9F1E-6202DFDF20EB}"
EndProject
Project("{FAE04EC0-301F-11D3-BF4B-00C04F79EFBC}") = "Task", "Task\Task.csproj", "{EC134319-6D23-4E86-A145-007423E4D39E}"
EndProject
Project("{FAE04EC0-301F-11D3-BF4B-00C04F79EFBC}") = "Basics", "Basics\Basics.csproj", "{FEBAD3F3-864B-4B7C-BD75-F706EE06AA76}"
EndProject
Project("{FAE04EC0-301F-11D3-BF4B-00C04F79EFBC}") = "Datatypes", "Datatypes\Datatypes.csproj", "{7DDCD66F-6813-486F-916D-CF95ADDD8811}"
EndProject
Project("{2150E333-8FDC-42A3-9474-1A3956D46DE8}") = "Problems", "Problems", "{DE1DC984-C33A-4280-8D85-C23E0DB8A8C8}"
EndProject
Project("{FAE04EC0-301F-11D3-BF4B-00C04F79EFBC}") = "Capitalize_And_Replace_Space", "Capitalize_And_Replace_Space\Capitalize_And_Replace_Space.csproj", "{A2E75AE8-7E0C-4A86-BEC3-AFFDAEEFDD15}"
EndProject
Project("{FAE04EC0-301F-11D3-BF4B-00C04F79EFBC}") = "Break_and_Continue", "Break_And_Continue\Break_and_Continue.csproj", "{76E00C6D-65C5-461E-A68D-63E6DD52419A}"
EndProject
Project("{FAE04EC0-301F-11D3-BF4B-00C04F79EFBC}") = "Last_Character_of_String", "Last_Character_of_String\Last_Character_of_String.csproj", "{D1914296-211F-44CC-9969-C7CB6B84282E}"
EndProject
Project("{FAE04EC0-301F-11D3-BF4B-00C04F79EFBC}") = "Number_Pattern_Sum", "Number_Pattern_Sum\Number_Pattern_Sum.csproj", "{2B1757F4-0B4A-4CD9-806B-6F0E3158CFFA}"
EndProject
Project("{2150E333-8FDC-42A3-9474-1A3956D46DE8}") = "Solution Items", "Solution Items", "{A5DB00CA-38DD-4C19-83C1-EC3F28DB0218}"
	ProjectSection(SolutionItems) = preProject
		.gitignore = .gitignore
	EndProjectSection
EndProject
Project("{FAE04EC0-301F-11D3-BF4B-00C04F79EFBC}") = "Rectangle_Printing", "Rectangle_Printing\Rectangle_Printing.csproj", "{36DFBA08-DE99-46E1-9861-E9ED86D8CFBE}"
EndProject
Project("{FAE04EC0-301F-11D3-BF4B-00C04F79EFBC}") = "Learning", "Learning\Learning.csproj", "{28A47A79-9C90-4E97-8B96-60515A8BBF22}"
EndProject
Project("{2150E333-8FDC-42A3-9474-1A3956D46DE8}") = "Temp", "Temp", "{91159719-22E6-421B-B14D-66BA72587BBB}"
EndProject
Project("{FAE04EC0-301F-11D3-BF4B-00C04F79EFBC}") = "Arrays", "Arrays\Arrays.csproj", "{F61DB362-A390-4E2A-94B0-EC30CD09D0B4}"
EndProject
Project("{FAE04EC0-301F-11D3-BF4B-00C04F79EFBC}") = "Infinite_Insertion_Using_Array_Resizing", "Infinite_Insertion_Using_Array_Resizing\Infinite_Insertion_Using_Array_Resizing.csproj", "{B0094062-184C-4086-852A-CADB7E348303}"
EndProject
Project("{FAE04EC0-301F-11D3-BF4B-00C04F79EFBC}") = "Reversing_Elements_in_Array", "Reversing_Elements_in_Array\Reversing_Elements_in_Array.csproj", "{49F881D3-8120-413E-AB61-AFF466C421AB}"
EndProject
Project("{FAE04EC0-301F-11D3-BF4B-00C04F79EFBC}") = "Splitting_And_Reversing_Array", "Splitting_And_Reversing_Array\Splitting_And_Reversing_Array.csproj", "{FAFD93ED-8E33-4E8E-A5A0-1F7C466824D0}"
EndProject
Project("{FAE04EC0-301F-11D3-BF4B-00C04F79EFBC}") = "String_Functions", "String_Functions\String_Functions.csproj", "{0EF63EE1-9BA2-4B12-8389-7865957B4274}"
EndProject
Project("{2150E333-8FDC-42A3-9474-1A3956D46DE8}") = "Functions", "Functions", "{62FAC195-2147-432A-A7F6-4F582C22BE34}"
EndProject
Project("{FAE04EC0-301F-11D3-BF4B-00C04F79EFBC}") = "Sum_of_Two_Numbers", "Sum_of_Numbers\Sum_of_Two_Numbers.csproj", "{36FFA0AB-2F44-4E00-A2F2-2FB043438303}"
EndProject
Project("{FAE04EC0-301F-11D3-BF4B-00C04F79EFBC}") = "Simple_Calculator", "Simple_Calculator\Simple_Calculator.csproj", "{80A3CCA2-1AC7-4D2B-881F-A9A76EB8AD25}"
EndProject
Project("{FAE04EC0-301F-11D3-BF4B-00C04F79EFBC}") = "Functions", "Functions\Functions.csproj", "{EB0D0B7B-6267-4868-AD7D-A872CFE06C37}"
EndProject
Project("{2150E333-8FDC-42A3-9474-1A3956D46DE8}") = "Arrays", "Arrays", "{72C4635D-D363-420D-ACE5-B6F2676C243B}"
EndProject
Project("{FAE04EC0-301F-11D3-BF4B-00C04F79EFBC}") = "Array_Functions", "Array_Functions\Array_Functions.csproj", "{737490C3-2742-4AFC-9892-CFAC6F41B652}"
EndProject
Project("{FAE04EC0-301F-11D3-BF4B-00C04F79EFBC}") = "Sum_of_Even_Numbers", "Sum_of_Even_Numbers\Sum_of_Even_Numbers.csproj", "{208E539A-C813-47E9-AFFC-EA6D9649489D}"
EndProject
Project("{2150E333-8FDC-42A3-9474-1A3956D46DE8}") = "Strings", "Strings", "{4D4E2A39-EB51-40FF-8A2C-E17B33E582E6}"
EndProject
Project("{FAE04EC0-301F-11D3-BF4B-00C04F79EFBC}") = "Iteration_Statements", "Iteration_Statements\Iteration_Statements.csproj", "{11A7AF16-8123-4364-B3CD-379FE4BAB3ED}"
EndProject
Project("{FAE04EC0-301F-11D3-BF4B-00C04F79EFBC}") = "Methods_of_Combining_Strings", "Methods_of_Combining_Strings\Methods_of_Combining_Strings.csproj", "{27475E94-2D5D-49E3-ABE0-15A4A25AB260}"
EndProject
Project("{FAE04EC0-301F-11D3-BF4B-00C04F79EFBC}") = "Persons_Search", "Persons_Search\Persons_Search.csproj", "{6DCCC5CC-EBF4-4F22-A805-3891AF4F1E94}"
EndProject
Project("{FAE04EC0-301F-11D3-BF4B-00C04F79EFBC}") = "Word_Count_in_Sentence", "Word_Count_in_Sentence\Word_Count_in_Sentence.csproj", "{8CD74CA7-E4BC-4540-B52A-A632CC0800E6}"
EndProject
Project("{FAE04EC0-301F-11D3-BF4B-00C04F79EFBC}") = "Palindrome_Check", "Palindrome_Check\Palindrome_Check.csproj", "{A607EA11-DB3C-41E4-B310-DEEFF8118919}"
EndProject
Project("{FAE04EC0-301F-11D3-BF4B-00C04F79EFBC}") = "Digit_to_Words", "Digit_to_Words\Digit_to_Words.csproj", "{DF4CAFFB-04D5-4074-A987-0D89C16068F4}"
EndProject
Project("{FAE04EC0-301F-11D3-BF4B-00C04F79EFBC}") = "Finding_Vowels", "Finding_Vowels\Finding_Vowels.csproj", "{511AFD93-62CD-4377-B247-FC8987B1EB68}"
EndProject
Project("{FAE04EC0-301F-11D3-BF4B-00C04F79EFBC}") = "Pattern_With_Custom_Placeholder", "Pattern_With_Custom_Placeholder\Pattern_With_Custom_Placeholder.csproj", "{C1B8CE83-C9CC-4387-84BF-19AB3D6A084F}"
EndProject
Project("{2150E333-8FDC-42A3-9474-1A3956D46DE8}") = "Lists", "Lists", "{6834ACB4-F94C-45D7-9338-A1F0CBF25ED2}"
EndProject
Project("{FAE04EC0-301F-11D3-BF4B-00C04F79EFBC}") = "Object_and_Type", "Objects\Object_and_Type.csproj", "{E208EA28-B4CB-4D1F-8782-5C229F1CE63F}"
EndProject
Project("{FAE04EC0-301F-11D3-BF4B-00C04F79EFBC}") = "List_Functions", "List\List_Functions.csproj", "{DCC3E411-AE13-44F6-99EA-474596362E16}"
EndProject
Project("{FAE04EC0-301F-11D3-BF4B-00C04F79EFBC}") = "Remove_Even_Numbers", "Remove_Even_Numbers\Remove_Even_Numbers.csproj", "{72E10F2E-721B-4230-A781-A8FE210B4DF3}"
EndProject
Project("{FAE04EC0-301F-11D3-BF4B-00C04F79EFBC}") = "List_Inside_List", "List_Inside_List\List_Inside_List.csproj", "{DCA80EE9-C294-4BCA-8340-1F56758A1DCE}"
EndProject
Project("{2150E333-8FDC-42A3-9474-1A3956D46DE8}") = "Dictionaries", "Dictionaries", "{42E6D1BC-030E-487D-B172-2F48EE81CD2C}"
EndProject
Project("{FAE04EC0-301F-11D3-BF4B-00C04F79EFBC}") = "Dictionary", "Dictionary\Dictionary.csproj", "{52605953-F015-4E2A-8D7C-BBF9027ACAF0}"
EndProject
Project("{FAE04EC0-301F-11D3-BF4B-00C04F79EFBC}") = "Infinite_Students_Mark_With_Search", "Infinite_Students_Mark_With_Search\Infinite_Students_Mark_With_Search.csproj", "{DF5D6597-5B15-4799-BD4F-004039B6FEC4}"
EndProject
Project("{2150E333-8FDC-42A3-9474-1A3956D46DE8}") = "Datetime", "Datetime", "{8FD0D03C-D4DD-41BF-8983-7ADE8ECB57DD}"
EndProject
Project("{FAE04EC0-301F-11D3-BF4B-00C04F79EFBC}") = "Datetime", "Datetime\Datetime.csproj", "{B73AE2CE-74BA-4A0E-A15A-BFCF54AD6964}"
EndProject
Project("{FAE04EC0-301F-11D3-BF4B-00C04F79EFBC}") = "Calculate_Age", "Calculate_Age\Calculate_Age.csproj", "{2266CC94-059E-4C43-BF9A-7B0E9E243243}"
EndProject
Project("{FAE04EC0-301F-11D3-BF4B-00C04F79EFBC}") = "Namespaces", "Namespaces\Namespaces.csproj", "{75C0F70E-4169-4856-83A6-5D39B151F6F3}"
EndProject
Project("{FAE04EC0-301F-11D3-BF4B-00C04F79EFBC}") = "Store_Inventory_Management_System", "Store_Inventory_Management_System\Store_Inventory_Management_System.csproj", "{EE428652-A719-41CA-8927-9E66B143F784}"
EndProject
Project("{FAE04EC0-301F-11D3-BF4B-00C04F79EFBC}") = "Patient_Management_System", "Patient_Management_System\Patient_Management_System.csproj", "{E771D2F6-497C-4CDE-98B4-353A5B49F744}"
EndProject
Project("{FAE04EC0-301F-11D3-BF4B-00C04F79EFBC}") = "Hospital_Management_System", "Hospital_Management_System\Hospital_Management_System.csproj", "{694817C1-BBE0-4662-BE98-3F9399035DE1}"
EndProject
Project("{FAE04EC0-301F-11D3-BF4B-00C04F79EFBC}") = "Array_Resizing_Manually", "Array_Resizing_Manually\Array_Resizing_Manually.csproj", "{0D9F6090-E642-418E-B940-68EE9D4A5E65}"
EndProject
Project("{2150E333-8FDC-42A3-9474-1A3956D46DE8}") = "Classes", "Classes", "{36D68D2D-4668-4C4E-98F1-7FA3224B0DBE}"
EndProject
Project("{FAE04EC0-301F-11D3-BF4B-00C04F79EFBC}") = "Class", "Class\Class.csproj", "{6753AD5A-58BB-41C2-8DCC-192ECFC5ACD4}"
EndProject
Project("{FAE04EC0-301F-11D3-BF4B-00C04F79EFBC}") = "Student_Marks", "Student\Student_Marks.csproj", "{A4AEDBE5-8888-4474-B721-119A0836E283}"
EndProject
Project("{FAE04EC0-301F-11D3-BF4B-00C04F79EFBC}") = "Smartphone_Models", "Smartphone_Models\Smartphone_Models.csproj", "{06E7D2D8-C25F-4B7D-933C-4C2841F0B02A}"
EndProject
Project("{FAE04EC0-301F-11D3-BF4B-00C04F79EFBC}") = "Simple_Calculator_Using_OOPS", "Simple_Calculator_Using_OOPS\Simple_Calculator_Using_OOPS.csproj", "{53CAA9D2-01DA-4880-8849-417519DDE4EB}"
EndProject
Project("{FAE04EC0-301F-11D3-BF4B-00C04F79EFBC}") = "Student_Marks_by_Array_of_Class", "Student_Total_Mark_by_Array_of_Class\Student_Marks_by_Array_of_Class.csproj", "{2F424A8E-49FB-4E9D-AE28-B1FD2683C61F}"
EndProject
Project("{FAE04EC0-301F-11D3-BF4B-00C04F79EFBC}") = "Credit_Card_From_User", "Credit_Card_From_User\Credit_Card_From_User.csproj", "{97163236-D9EB-44D0-A9BC-5998FBAF4E4E}"
EndProject
Project("{FAE04EC0-301F-11D3-BF4B-00C04F79EFBC}") = "Credit_Card_Management_System", "Credit_Card_Management_System\Credit_Card_Management_System.csproj", "{B1E42D23-5937-44B8-AED7-18C3161005D8}"
EndProject
Project("{FAE04EC0-301F-11D3-BF4B-00C04F79EFBC}") = "Student_Registration", "Student_Registration\Student_Registration.csproj", "{18790098-4357-4AE4-9557-F7EC53549F6E}"
EndProject
Project("{FAE04EC0-301F-11D3-BF4B-00C04F79EFBC}") = "Field_and_Property", "Field_and_Property\Field_and_Property.csproj", "{CB123D94-7E72-43AE-95A4-8323345D73FC}"
EndProject
Project("{FAE04EC0-301F-11D3-BF4B-00C04F79EFBC}") = "Person_Address", "Person_Address\Person_Address.csproj", "{FAD4B469-7979-4D1F-BA02-9A7077BFBD30}"
EndProject
Project("{FAE04EC0-301F-11D3-BF4B-00C04F79EFBC}") = "Inheritance", "Inheritance\Inheritance.csproj", "{C8500C46-20B5-4C80-890A-F7FCF0FD91BF}"
EndProject
Project("{FAE04EC0-301F-11D3-BF4B-00C04F79EFBC}") = "College_and_School_Student", "College_and_School_Student\College_and_School_Student.csproj", "{D52B5160-D8F6-4FA0-9360-AFC955D037B2}"
EndProject
Project("{FAE04EC0-301F-11D3-BF4B-00C04F79EFBC}") = "Dictionary_Functions", "Dictionary_Functions\Dictionary_Functions.csproj", "{B01C6658-AB9C-4645-BDA9-49B67E6D7514}"
EndProject
Project("{FAE04EC0-301F-11D3-BF4B-00C04F79EFBC}") = "Boxing_and_Unboxing", "Boxing_and_Unboxing\Boxing_and_Unboxing.csproj", "{20050E6D-3F77-4ACC-878F-FC762394B010}"
EndProject
Project("{FAE04EC0-301F-11D3-BF4B-00C04F79EFBC}") = "Value_and_Reference_Type", "Value_and_Reference_Type\Value_and_Reference_Type.csproj", "{653BB3A6-1CF2-459B-A926-468407B7BB4D}"
EndProject
Project("{2150E333-8FDC-42A3-9474-1A3956D46DE8}") = "Inheritance", "Inheritance", "{8E235377-C42E-493D-BC53-65394748D9C7}"
EndProject
Project("{FAE04EC0-301F-11D3-BF4B-00C04F79EFBC}") = "Constructor", "Constructor\Constructor.csproj", "{2D46ECB6-2095-4A13-AD00-00059B86FA6B}"
EndProject
Project("{2150E333-8FDC-42A3-9474-1A3956D46DE8}") = "Static", "Static", "{E93320D0-CDA3-4D5D-94ED-3F6BA019DCCF}"
EndProject
Project("{FAE04EC0-301F-11D3-BF4B-00C04F79EFBC}") = "Static_Constructor", "Static_Constructor\Static_Constructor.csproj", "{8991E232-9316-45E6-B6CE-388F2941051B}"
EndProject
Project("{FAE04EC0-301F-11D3-BF4B-00C04F79EFBC}") = "Static_Variables", "Static_Variables\Static_Variables.csproj", "{4A8714D0-A94F-4F30-8AF0-DB131EF22276}"
EndProject
Project("{FAE04EC0-301F-11D3-BF4B-00C04F79EFBC}") = "Static_Class", "Static_Class\Static_Class.csproj", "{CCBA1C4C-C56F-47DA-ADE1-903ED2054EA6}"
EndProject
Project("{FAE04EC0-301F-11D3-BF4B-00C04F79EFBC}") = "Enum_Datatype", "Enum_Datatype\Enum_Datatype.csproj", "{9D839325-4D9C-44A8-8FD1-D716A8493998}"
EndProject
Project("{FAE04EC0-301F-11D3-BF4B-00C04F79EFBC}") = "Employee_Annual_Salary", "Employee_Annual_Salary\Employee_Annual_Salary.csproj", "{DC84EB46-EA67-437B-BA24-E3D3F62F8618}"
EndProject
Project("{2150E333-8FDC-42A3-9474-1A3956D46DE8}") = "Fields and Properties", "Fields and Properties", "{5620AC68-045D-403A-9E8E-2A51EC717940}"
EndProject
Project("{FAE04EC0-301F-11D3-BF4B-00C04F79EFBC}") = "Partial_Class", "Partial_Class\Partial_Class.csproj", "{7664D889-008C-43FB-BBFB-3B9714492697}"
EndProject
Project("{FAE04EC0-301F-11D3-BF4B-00C04F79EFBC}") = "Interface", "Interfaces\Interface.csproj", "{5DD1FCEE-8B2D-448E-8429-E21D0529AB82}"
EndProject
Project("{2150E333-8FDC-42A3-9474-1A3956D46DE8}") = "Interfaces", "Interfaces", "{DA2705D2-F057-4D43-BACD-506C701DCB2E}"
EndProject
Project("{2150E333-8FDC-42A3-9474-1A3956D46DE8}") = "File_Handling", "File_Handling", "{3530C69F-DA72-4BFE-91C5-D421188F34E2}"
EndProject
Project("{FAE04EC0-301F-11D3-BF4B-00C04F79EFBC}") = "File_Handling_Operations", "File_Handling_Operations\File_Handling_Operations.csproj", "{8928F3B1-55AD-4DF2-B8EC-0C784A09E86F}"
EndProject
Project("{2150E333-8FDC-42A3-9474-1A3956D46DE8}") = "Abstract", "Abstract", "{41225E9E-ACC9-405F-B17D-ADB692A8BE77}"
EndProject
Project("{FAE04EC0-301F-11D3-BF4B-00C04F79EFBC}") = "Abstract", "Abstract\Abstract.csproj", "{8672C422-BE60-453E-B845-C0795F4DF84E}"
EndProject
Project("{FAE04EC0-301F-11D3-BF4B-00C04F79EFBC}") = "Sealed_Class", "Sealed_CLass\Sealed_Class.csproj", "{A7C3D4CA-3949-4CB1-AF97-E50806A96AD2}"
EndProject
Project("{2150E333-8FDC-42A3-9474-1A3956D46DE8}") = "Delegates", "Delegates", "{E326F53D-BB1D-463A-9645-875327711495}"
EndProject
Project("{FAE04EC0-301F-11D3-BF4B-00C04F79EFBC}") = "Delegate", "Delegates\Delegate.csproj", "{DC38E1CA-D446-4F4C-A25C-A7AAE3CD1E22}"
EndProject
Project("{FAE04EC0-301F-11D3-BF4B-00C04F79EFBC}") = "Action_Delegate", "Action_Delegate\Action_Delegate.csproj", "{B26C191C-6F2B-4A83-9440-CFA67A6301A7}"
EndProject
Project("{FAE04EC0-301F-11D3-BF4B-00C04F79EFBC}") = "Function_Delegate", "Function_Delegate\Function_Delegate.csproj", "{70DD0702-DFBC-4D77-992D-FA8BF97CE86F}"
EndProject
Project("{FAE04EC0-301F-11D3-BF4B-00C04F79EFBC}") = "Predicate", "Predicate\Predicate.csproj", "{A2AE2CCA-6FF2-43C1-8DE1-6B5E9442B229}"
EndProject
Project("{2150E333-8FDC-42A3-9474-1A3956D46DE8}") = "Constructor", "Constructor", "{CA83A627-1E73-4257-AE5D-4DAD01057700}"
EndProject
Project("{FAE04EC0-301F-11D3-BF4B-00C04F79EFBC}") = "Copy_Constructor", "Copy_Constructor\Copy_Constructor.csproj", "{9FE20FEF-BE36-4FC5-B188-455ABD019AE7}"
EndProject
Project("{FAE04EC0-301F-11D3-BF4B-00C04F79EFBC}") = "Private_Constructor", "Private_Constructor\Private_Constructor.csproj", "{76A9C163-EBFA-4876-AAD1-039492D2A053}"
EndProject
Project("{FAE04EC0-301F-11D3-BF4B-00C04F79EFBC}") = "Const_and_Readonly", "Const_and_Readonly\Const_and_Readonly.csproj", "{D88F105B-B13A-49D5-8365-CD4D719ECD09}"
EndProject
Project("{FAE04EC0-301F-11D3-BF4B-00C04F79EFBC}") = "Covariance", "Covarience\Covariance.csproj", "{01CE2E45-6F0D-4421-AF31-612C973538DF}"
EndProject
Project("{FAE04EC0-301F-11D3-BF4B-00C04F79EFBC}") = "Reverse_Parameter", "Reverse_Parameter\Reverse_Parameter.csproj", "{DE7BAC93-1FFF-457F-9600-1706A49A60EE}"
EndProject
Project("{FAE04EC0-301F-11D3-BF4B-00C04F79EFBC}") = "Params_in_Parameters", "Params_in_Parameters\Params_in_Parameters.csproj", "{E13CF571-FA0B-44F9-AD09-99668464CD4A}"
EndProject
Project("{FAE04EC0-301F-11D3-BF4B-00C04F79EFBC}") = "Area_of_Circle_Rectangle", "Area_of_Circle_Rectangle\Area_of_Circle_Rectangle.csproj", "{E4E41E7C-9860-44E0-9B65-3F162C5760A2}"
EndProject
Project("{FAE04EC0-301F-11D3-BF4B-00C04F79EFBC}") = "Vehicle_Drive_Speed", "Vehicle_Drive_Speed\Vehicle_Drive_Speed.csproj", "{31B6393D-2F82-49B7-B49B-DEF315D28B0E}"
EndProject
Project("{FAE04EC0-301F-11D3-BF4B-00C04F79EFBC}") = "Animal_Speak", "Animal_Speak\Animal_Speak.csproj", "{964A43A6-B000-4A22-9E46-313D5A273ECE}"
EndProject
Project("{FAE04EC0-301F-11D3-BF4B-00C04F79EFBC}") = "Calculator_Using_Interface", "Calculator_Using_Interface\Calculator_Using_Interface.csproj", "{3C47E349-9A87-45B9-972B-B408CA70FF4B}"
EndProject
Project("{FAE04EC0-301F-11D3-BF4B-00C04F79EFBC}") = "Math_Operations", "Math_Operations\Math_Operations.csproj", "{CECC9025-6771-4EC9-8460-7D8F7CD1273D}"
EndProject
Project("{FAE04EC0-301F-11D3-BF4B-00C04F79EFBC}") = "Show_Message", "Print_Message\Show_Message.csproj", "{658C4B03-E05E-43D6-AD12-E649B190323D}"
EndProject
Project("{FAE04EC0-301F-11D3-BF4B-00C04F79EFBC}") = "Sum_of_Two_Numbers_by_Func", "Sum_of_Two_Numbers\Sum_of_Two_Numbers_by_Func.csproj", "{F2509B44-FD6A-4611-88E3-7694C77D0656}"
EndProject
Project("{FAE04EC0-301F-11D3-BF4B-00C04F79EFBC}") = "Length_of_String", "Length_of_String\Length_of_String.csproj", "{BA5DD250-0A2D-4649-ADAD-340847DF937E}"
EndProject
Project("{FAE04EC0-301F-11D3-BF4B-00C04F79EFBC}") = "Welcome_Message", "Welcome_Message\Welcome_Message.csproj", "{9CEF229B-9355-4EB1-81FF-C39136EB968D}"
EndProject
Project("{2150E333-8FDC-42A3-9474-1A3956D46DE8}") = "Function Delegates", "Function Delegates", "{D4F69129-F38A-463A-8522-F3C38A6CD9A3}"
EndProject
Project("{2150E333-8FDC-42A3-9474-1A3956D46DE8}") = "Action Delegates", "Action Delegates", "{A2AE86AB-4B76-4641-BF1A-C43048DABFC3}"
EndProject
Project("{FAE04EC0-301F-11D3-BF4B-00C04F79EFBC}") = "Sum_of_Two_Numbers_by_Action", "Sum_of_Two_Numbers_by_Action\Sum_of_Two_Numbers_by_Action.csproj", "{C6243416-5ECF-43C8-ADC9-70B00988320A}"
EndProject
Project("{2150E333-8FDC-42A3-9474-1A3956D46DE8}") = "Predicates", "Predicates", "{38A3ED71-FFFD-43E5-88B9-27FF3000198F}"
EndProject
Project("{FAE04EC0-301F-11D3-BF4B-00C04F79EFBC}") = "Checking_Even_Numbers", "Checking_Even_Numbers\Checking_Even_Numbers.csproj", "{2F044C2E-BF5E-4821-BD67-5FD96375CB81}"
EndProject
Project("{FAE04EC0-301F-11D3-BF4B-00C04F79EFBC}") = "Checking_Starts_With", "Checking_Starts_With\Checking_Starts_With.csproj", "{BB373D3C-65E3-47DB-9124-7F39F1543C4A}"
EndProject
Project("{FAE04EC0-301F-11D3-BF4B-00C04F79EFBC}") = "Appliances_Turn_On", "Appliances_Turn_On\Appliances_Turn_On.csproj", "{DB0C9475-9B0E-4051-A35D-D0E614BEB7A0}"
EndProject
Project("{FAE04EC0-301F-11D3-BF4B-00C04F79EFBC}") = "Person_Work", "Person_Work\Person_Work.csproj", "{9993EE76-D3D2-49BE-96E7-39C82A66C4B6}"
EndProject
Project("{FAE04EC0-301F-11D3-BF4B-00C04F79EFBC}") = "Animal_Sound", "Animal_Sound\Animal_Sound.csproj", "{3C2E3ADA-F261-41A1-9D1F-D06BCE31FE5F}"
EndProject
Project("{2150E333-8FDC-42A3-9474-1A3956D46DE8}") = "Virtual", "Virtual", "{3318A3EC-7EF9-4F7E-B725-BB1EB4376B75}"
EndProject
Project("{FAE04EC0-301F-11D3-BF4B-00C04F79EFBC}") = "Employee_Bonus", "Employee_Bonus\Employee_Bonus.csproj", "{BC6A328A-09BB-489A-8548-5E065C50705B}"
EndProject
Project("{2150E333-8FDC-42A3-9474-1A3956D46DE8}") = "Linq", "Linq", "{991DAE29-7542-4BCB-849B-6BFEDAD30DC9}"
EndProject
Project("{FAE04EC0-301F-11D3-BF4B-00C04F79EFBC}") = "Basics_of_Linq", "Basics_of_Linq\Basics_of_Linq.csproj", "{02E02B67-073E-4B5F-937A-8F29F989C354}"
EndProject
Project("{FAE04EC0-301F-11D3-BF4B-00C04F79EFBC}") = "Linq_Problems", "Linq_Problems\Linq_Problems.csproj", "{D06EF52F-D3EE-4FD6-A6E8-0136EA376077}"
EndProject
Project("{FAE04EC0-301F-11D3-BF4B-00C04F79EFBC}") = "Banking_Application_Using_Linq", "Banking_Application_Using_Linq\Banking_Application_Using_Linq.csproj", "{FE846C94-7800-4C59-BAFF-FEDB5068450A}"
EndProject
Project("{FAE04EC0-301F-11D3-BF4B-00C04F79EFBC}") = "Health_Care_Management_System", "Health_Care_Management_System\Health_Care_Management_System.csproj", "{EE6A5AEB-AFDE-4D50-9058-D080538A4431}"
EndProject
Project("{FAE04EC0-301F-11D3-BF4B-00C04F79EFBC}") = "Person_Country", "Person_Country\Person_Country.csproj", "{FAD96F99-80C4-4FD7-8DFE-7684B9F41C54}"
EndProject
Project("{FAE04EC0-301F-11D3-BF4B-00C04F79EFBC}") = "Stone_Paper_Scissors", "Stone_Paper_Scissors\Stone_Paper_Scissors.csproj", "{A87CFE21-37DA-47A2-AD2A-ADC0BB0D0352}"
EndProject
Project("{FAE04EC0-301F-11D3-BF4B-00C04F79EFBC}") = "Cricket_Game", "Cricket_Game\Cricket_Game.csproj", "{0931EE88-E098-4372-9410-1F6E2E1211CB}"
EndProject
Project("{2150E333-8FDC-42A3-9474-1A3956D46DE8}") = "Games", "Games", "{42AE2F0E-8595-4A36-9C79-F0DFB1EEF101}"
EndProject
Project("{FAE04EC0-301F-11D3-BF4B-00C04F79EFBC}") = "Mine_Sweeper", "Mine_Sweeper\Mine_Sweeper.csproj", "{6ED77E77-310B-4553-8375-97B8D1F33547}"
EndProject
Project("{2150E333-8FDC-42A3-9474-1A3956D46DE8}") = "Logging", "Logging", "{41435C01-408A-445A-88A3-A4011C4B0B65}"
EndProject
Project("{FAE04EC0-301F-11D3-BF4B-00C04F79EFBC}") = "Basic_Logging", "Basic_Logging\Basic_Logging.csproj", "{09DA4411-4636-49B4-A6C1-147B375A962B}"
EndProject
Project("{FAE04EC0-301F-11D3-BF4B-00C04F79EFBC}") = "Console_Logging", "Console_Logging\Console_Logging.csproj", "{96D9738B-A94D-4DEF-8F55-F5CFD59EFDEF}"
EndProject
Project("{FAE04EC0-301F-11D3-BF4B-00C04F79EFBC}") = "File_Logging", "File_Logging\File_Logging.csproj", "{8C3C70A7-B12A-4748-B36B-D8D8D25A05CB}"
EndProject
Project("{2150E333-8FDC-42A3-9474-1A3956D46DE8}") = "Solid Principles", "Solid Principles", "{CEBBD04A-DC31-4C1F-9C19-DFA5C9499AA1}"
EndProject
Project("{FAE04EC0-301F-11D3-BF4B-00C04F79EFBC}") = "E-Commerce_Cart_Management_System", "E-Commerce_Cart_Management_System\E-Commerce_Cart_Management_System.csproj", "{5D1E58FC-F0AB-4D4D-A6D2-F2E428DEB1E2}"
EndProject
Project("{FAE04EC0-301F-11D3-BF4B-00C04F79EFBC}") = "Social_Media_Notification_System", "Social_Media_Notification_System\Social_Media_Notification_System.csproj", "{32C19346-ECEB-40D9-92FF-A08D89AC3E89}"
EndProject
Project("{2150E333-8FDC-42A3-9474-1A3956D46DE8}") = "Socket Programming", "Socket Programming", "{031EAE5A-0052-4142-A7A2-D7C58CC706C2}"
EndProject
Project("{FAE04EC0-301F-11D3-BF4B-00C04F79EFBC}") = "Basics Client", "Client\Basics Client.csproj", "{2E0457C8-6417-4F02-9E59-CAD2FD968711}"
EndProject
Project("{FAE04EC0-301F-11D3-BF4B-00C04F79EFBC}") = "Basics Server", "Server\Basics Server.csproj", "{C6D0CFFF-10AA-4692-998C-4CAAAE985BA9}"
EndProject
Project("{2150E333-8FDC-42A3-9474-1A3956D46DE8}") = "Client Server Basics", "Client Server Basics", "{6B903B00-4995-414B-AC6B-7CBC25402B78}"
EndProject
Project("{2150E333-8FDC-42A3-9474-1A3956D46DE8}") = "Echo Application", "Echo Application", "{F50F9676-2FA5-4793-9CC7-F53EABC4CCC3}"
EndProject
Project("{2150E333-8FDC-42A3-9474-1A3956D46DE8}") = "Client Side", "Client Side", "{6EBDDC57-27C5-403B-9063-E6F50696D578}"
EndProject
Project("{2150E333-8FDC-42A3-9474-1A3956D46DE8}") = "NewFolder1", "NewFolder1", "{B9534963-0D03-499A-8389-A17C0260F4B6}"
EndProject
Project("{2150E333-8FDC-42A3-9474-1A3956D46DE8}") = "Structured Query Language", "Structured Query Language", "{630E348D-7BFC-44E6-8DF3-4211E0FBBE50}"
EndProject
Project("{FAE04EC0-301F-11D3-BF4B-00C04F79EFBC}") = "SQL_and_C#", "SQL_and_C#\SQL_and_C#.csproj", "{186DE26D-366C-4F16-B5D8-D23911439EAA}"
EndProject
Project("{2150E333-8FDC-42A3-9474-1A3956D46DE8}") = "Generics", "Generics", "{373FA3AB-8F61-4EAE-9E84-4588576C830E}"
EndProject
Project("{FAE04EC0-301F-11D3-BF4B-00C04F79EFBC}") = "Generics_List_and_Dictionary", "Generics_List_and_Dictionary\Generics_List_and_Dictionary.csproj", "{2646EC39-5EB6-4FE5-AE48-3390C324A8E0}"
EndProject
Project("{FAE04EC0-301F-11D3-BF4B-00C04F79EFBC}") = "Shape_With_Covariance", "Shape_With_Covariance\Shape_With_Covariance.csproj", "{386C8ACF-0393-4DEA-AD53-583EC4F618AE}"
EndProject
Project("{FAE04EC0-301F-11D3-BF4B-00C04F79EFBC}") = "Library_Membership", "Library_Membership\Library_Membership.csproj", "{9B3EAC3E-7526-4100-96DE-AF3D822F435C}"
EndProject
Project("{FAE04EC0-301F-11D3-BF4B-00C04F79EFBC}") = "Access_Specifiers", "Access_Specifiers\Access_Specifiers.csproj", "{B283A5E7-BA3C-4EC2-B67B-E02D8A19AA95}"
EndProject
Project("{FAE04EC0-301F-11D3-BF4B-00C04F79EFBC}") = "Indexer", "Indexer\Indexer.csproj", "{EF40586C-B907-475A-BF06-E0B19BF133EE}"
EndProject
Project("{FAE04EC0-301F-11D3-BF4B-00C04F79EFBC}") = "Exception_Handling", "Exception_Handling\Exception_Handling.csproj", "{F8EC80A8-93CE-4CFA-8C9E-3BD78AC99ABF}"
EndProject
Project("{FAE04EC0-301F-11D3-BF4B-00C04F79EFBC}") = "Ref_and_Out", "Ref_and_Out\Ref_and_Out.csproj", "{526D9E55-EEEA-4C65-BBDF-55FAD2DBE050}"
EndProject
Project("{FAE04EC0-301F-11D3-BF4B-00C04F79EFBC}") = "2_Dimensional_Array", "2_Dimensional_Array\2_Dimensional_Array.csproj", "{51AC52E3-3ABB-496E-898D-3B0EC4097369}"
EndProject
Project("{2150E333-8FDC-42A3-9474-1A3956D46DE8}") = "Threads", "Threads", "{AA1CB087-8FAD-4B22-82C6-605C497EF0A7}"
EndProject
Project("{FAE04EC0-301F-11D3-BF4B-00C04F79EFBC}") = "Multi_Threading", "Thread\Multi_Threading.csproj", "{C832F578-1912-4E37-A939-BD6DE92513EA}"
EndProject
Project("{FAE04EC0-301F-11D3-BF4B-00C04F79EFBC}") = "Single_Responsibility_Principle", "Single_Responsibility_Principle\Single_Responsibility_Principle.csproj", "{18741B0E-9F27-4AA6-B2DB-A6EE7C31C91B}"
EndProject
Project("{FAE04EC0-301F-11D3-BF4B-00C04F79EFBC}") = "Open_Close_Principle", "Open_Close_Principle\Open_Close_Principle.csproj", "{16DDEDB1-9F16-45B4-9046-C4D619E53886}"
EndProject
Project("{FAE04EC0-301F-11D3-BF4B-00C04F79EFBC}") = "Liskov_Substitution_Principle", "Liskov_Substitution_Principle\Liskov_Substitution_Principle.csproj", "{DC7053B8-6491-4BAB-8BF8-F9BCF4A4E6AE}"
EndProject
Project("{FAE04EC0-301F-11D3-BF4B-00C04F79EFBC}") = "Interface_Segregation_Principle", "Interface_Segregation_Principle\Interface_Segregation_Principle.csproj", "{3C0820E7-FC03-4BF8-8983-B1695249F939}"
EndProject
Project("{FAE04EC0-301F-11D3-BF4B-00C04F79EFBC}") = "Dependency_Inversion_Principle", "Dependency_Inversion_Principle\Dependency_Inversion_Principle.csproj", "{429D2301-EAE4-4D4C-925B-8FE9F899F088}"
EndProject
Global
	GlobalSection(SolutionConfigurationPlatforms) = preSolution
		Debug|Any CPU = Debug|Any CPU
		Release|Any CPU = Release|Any CPU
	EndGlobalSection
	GlobalSection(ProjectConfigurationPlatforms) = postSolution
		{FC434B7A-74B1-47E0-9F1E-6202DFDF20EB}.Debug|Any CPU.ActiveCfg = Debug|Any CPU
		{FC434B7A-74B1-47E0-9F1E-6202DFDF20EB}.Debug|Any CPU.Build.0 = Debug|Any CPU
		{FC434B7A-74B1-47E0-9F1E-6202DFDF20EB}.Release|Any CPU.ActiveCfg = Release|Any CPU
		{FC434B7A-74B1-47E0-9F1E-6202DFDF20EB}.Release|Any CPU.Build.0 = Release|Any CPU
		{EC134319-6D23-4E86-A145-007423E4D39E}.Debug|Any CPU.ActiveCfg = Debug|Any CPU
		{EC134319-6D23-4E86-A145-007423E4D39E}.Debug|Any CPU.Build.0 = Debug|Any CPU
		{EC134319-6D23-4E86-A145-007423E4D39E}.Release|Any CPU.ActiveCfg = Release|Any CPU
		{EC134319-6D23-4E86-A145-007423E4D39E}.Release|Any CPU.Build.0 = Release|Any CPU
		{FEBAD3F3-864B-4B7C-BD75-F706EE06AA76}.Debug|Any CPU.ActiveCfg = Debug|Any CPU
		{FEBAD3F3-864B-4B7C-BD75-F706EE06AA76}.Debug|Any CPU.Build.0 = Debug|Any CPU
		{FEBAD3F3-864B-4B7C-BD75-F706EE06AA76}.Release|Any CPU.ActiveCfg = Release|Any CPU
		{FEBAD3F3-864B-4B7C-BD75-F706EE06AA76}.Release|Any CPU.Build.0 = Release|Any CPU
		{7DDCD66F-6813-486F-916D-CF95ADDD8811}.Debug|Any CPU.ActiveCfg = Debug|Any CPU
		{7DDCD66F-6813-486F-916D-CF95ADDD8811}.Debug|Any CPU.Build.0 = Debug|Any CPU
		{7DDCD66F-6813-486F-916D-CF95ADDD8811}.Release|Any CPU.ActiveCfg = Release|Any CPU
		{7DDCD66F-6813-486F-916D-CF95ADDD8811}.Release|Any CPU.Build.0 = Release|Any CPU
		{A2E75AE8-7E0C-4A86-BEC3-AFFDAEEFDD15}.Debug|Any CPU.ActiveCfg = Debug|Any CPU
		{A2E75AE8-7E0C-4A86-BEC3-AFFDAEEFDD15}.Debug|Any CPU.Build.0 = Debug|Any CPU
		{A2E75AE8-7E0C-4A86-BEC3-AFFDAEEFDD15}.Release|Any CPU.ActiveCfg = Release|Any CPU
		{A2E75AE8-7E0C-4A86-BEC3-AFFDAEEFDD15}.Release|Any CPU.Build.0 = Release|Any CPU
		{76E00C6D-65C5-461E-A68D-63E6DD52419A}.Debug|Any CPU.ActiveCfg = Debug|Any CPU
		{76E00C6D-65C5-461E-A68D-63E6DD52419A}.Debug|Any CPU.Build.0 = Debug|Any CPU
		{76E00C6D-65C5-461E-A68D-63E6DD52419A}.Release|Any CPU.ActiveCfg = Release|Any CPU
		{76E00C6D-65C5-461E-A68D-63E6DD52419A}.Release|Any CPU.Build.0 = Release|Any CPU
		{D1914296-211F-44CC-9969-C7CB6B84282E}.Debug|Any CPU.ActiveCfg = Debug|Any CPU
		{D1914296-211F-44CC-9969-C7CB6B84282E}.Debug|Any CPU.Build.0 = Debug|Any CPU
		{D1914296-211F-44CC-9969-C7CB6B84282E}.Release|Any CPU.ActiveCfg = Release|Any CPU
		{D1914296-211F-44CC-9969-C7CB6B84282E}.Release|Any CPU.Build.0 = Release|Any CPU
		{2B1757F4-0B4A-4CD9-806B-6F0E3158CFFA}.Debug|Any CPU.ActiveCfg = Debug|Any CPU
		{2B1757F4-0B4A-4CD9-806B-6F0E3158CFFA}.Debug|Any CPU.Build.0 = Debug|Any CPU
		{2B1757F4-0B4A-4CD9-806B-6F0E3158CFFA}.Release|Any CPU.ActiveCfg = Release|Any CPU
		{2B1757F4-0B4A-4CD9-806B-6F0E3158CFFA}.Release|Any CPU.Build.0 = Release|Any CPU
		{36DFBA08-DE99-46E1-9861-E9ED86D8CFBE}.Debug|Any CPU.ActiveCfg = Debug|Any CPU
		{36DFBA08-DE99-46E1-9861-E9ED86D8CFBE}.Debug|Any CPU.Build.0 = Debug|Any CPU
		{36DFBA08-DE99-46E1-9861-E9ED86D8CFBE}.Release|Any CPU.ActiveCfg = Release|Any CPU
		{36DFBA08-DE99-46E1-9861-E9ED86D8CFBE}.Release|Any CPU.Build.0 = Release|Any CPU
		{28A47A79-9C90-4E97-8B96-60515A8BBF22}.Debug|Any CPU.ActiveCfg = Debug|Any CPU
		{28A47A79-9C90-4E97-8B96-60515A8BBF22}.Debug|Any CPU.Build.0 = Debug|Any CPU
		{28A47A79-9C90-4E97-8B96-60515A8BBF22}.Release|Any CPU.ActiveCfg = Release|Any CPU
		{28A47A79-9C90-4E97-8B96-60515A8BBF22}.Release|Any CPU.Build.0 = Release|Any CPU
		{F61DB362-A390-4E2A-94B0-EC30CD09D0B4}.Debug|Any CPU.ActiveCfg = Debug|Any CPU
		{F61DB362-A390-4E2A-94B0-EC30CD09D0B4}.Debug|Any CPU.Build.0 = Debug|Any CPU
		{F61DB362-A390-4E2A-94B0-EC30CD09D0B4}.Release|Any CPU.ActiveCfg = Release|Any CPU
		{F61DB362-A390-4E2A-94B0-EC30CD09D0B4}.Release|Any CPU.Build.0 = Release|Any CPU
		{B0094062-184C-4086-852A-CADB7E348303}.Debug|Any CPU.ActiveCfg = Debug|Any CPU
		{B0094062-184C-4086-852A-CADB7E348303}.Debug|Any CPU.Build.0 = Debug|Any CPU
		{B0094062-184C-4086-852A-CADB7E348303}.Release|Any CPU.ActiveCfg = Release|Any CPU
		{B0094062-184C-4086-852A-CADB7E348303}.Release|Any CPU.Build.0 = Release|Any CPU
		{49F881D3-8120-413E-AB61-AFF466C421AB}.Debug|Any CPU.ActiveCfg = Debug|Any CPU
		{49F881D3-8120-413E-AB61-AFF466C421AB}.Debug|Any CPU.Build.0 = Debug|Any CPU
		{49F881D3-8120-413E-AB61-AFF466C421AB}.Release|Any CPU.ActiveCfg = Release|Any CPU
		{49F881D3-8120-413E-AB61-AFF466C421AB}.Release|Any CPU.Build.0 = Release|Any CPU
		{FAFD93ED-8E33-4E8E-A5A0-1F7C466824D0}.Debug|Any CPU.ActiveCfg = Debug|Any CPU
		{FAFD93ED-8E33-4E8E-A5A0-1F7C466824D0}.Debug|Any CPU.Build.0 = Debug|Any CPU
		{FAFD93ED-8E33-4E8E-A5A0-1F7C466824D0}.Release|Any CPU.ActiveCfg = Release|Any CPU
		{FAFD93ED-8E33-4E8E-A5A0-1F7C466824D0}.Release|Any CPU.Build.0 = Release|Any CPU
		{0EF63EE1-9BA2-4B12-8389-7865957B4274}.Debug|Any CPU.ActiveCfg = Debug|Any CPU
		{0EF63EE1-9BA2-4B12-8389-7865957B4274}.Debug|Any CPU.Build.0 = Debug|Any CPU
		{0EF63EE1-9BA2-4B12-8389-7865957B4274}.Release|Any CPU.ActiveCfg = Release|Any CPU
		{0EF63EE1-9BA2-4B12-8389-7865957B4274}.Release|Any CPU.Build.0 = Release|Any CPU
		{36FFA0AB-2F44-4E00-A2F2-2FB043438303}.Debug|Any CPU.ActiveCfg = Debug|Any CPU
		{36FFA0AB-2F44-4E00-A2F2-2FB043438303}.Debug|Any CPU.Build.0 = Debug|Any CPU
		{36FFA0AB-2F44-4E00-A2F2-2FB043438303}.Release|Any CPU.ActiveCfg = Release|Any CPU
		{36FFA0AB-2F44-4E00-A2F2-2FB043438303}.Release|Any CPU.Build.0 = Release|Any CPU
		{80A3CCA2-1AC7-4D2B-881F-A9A76EB8AD25}.Debug|Any CPU.ActiveCfg = Debug|Any CPU
		{80A3CCA2-1AC7-4D2B-881F-A9A76EB8AD25}.Debug|Any CPU.Build.0 = Debug|Any CPU
		{80A3CCA2-1AC7-4D2B-881F-A9A76EB8AD25}.Release|Any CPU.ActiveCfg = Release|Any CPU
		{80A3CCA2-1AC7-4D2B-881F-A9A76EB8AD25}.Release|Any CPU.Build.0 = Release|Any CPU
		{EB0D0B7B-6267-4868-AD7D-A872CFE06C37}.Debug|Any CPU.ActiveCfg = Debug|Any CPU
		{EB0D0B7B-6267-4868-AD7D-A872CFE06C37}.Debug|Any CPU.Build.0 = Debug|Any CPU
		{EB0D0B7B-6267-4868-AD7D-A872CFE06C37}.Release|Any CPU.ActiveCfg = Release|Any CPU
		{EB0D0B7B-6267-4868-AD7D-A872CFE06C37}.Release|Any CPU.Build.0 = Release|Any CPU
		{737490C3-2742-4AFC-9892-CFAC6F41B652}.Debug|Any CPU.ActiveCfg = Debug|Any CPU
		{737490C3-2742-4AFC-9892-CFAC6F41B652}.Debug|Any CPU.Build.0 = Debug|Any CPU
		{737490C3-2742-4AFC-9892-CFAC6F41B652}.Release|Any CPU.ActiveCfg = Release|Any CPU
		{737490C3-2742-4AFC-9892-CFAC6F41B652}.Release|Any CPU.Build.0 = Release|Any CPU
		{208E539A-C813-47E9-AFFC-EA6D9649489D}.Debug|Any CPU.ActiveCfg = Debug|Any CPU
		{208E539A-C813-47E9-AFFC-EA6D9649489D}.Debug|Any CPU.Build.0 = Debug|Any CPU
		{208E539A-C813-47E9-AFFC-EA6D9649489D}.Release|Any CPU.ActiveCfg = Release|Any CPU
		{208E539A-C813-47E9-AFFC-EA6D9649489D}.Release|Any CPU.Build.0 = Release|Any CPU
		{11A7AF16-8123-4364-B3CD-379FE4BAB3ED}.Debug|Any CPU.ActiveCfg = Debug|Any CPU
		{11A7AF16-8123-4364-B3CD-379FE4BAB3ED}.Debug|Any CPU.Build.0 = Debug|Any CPU
		{11A7AF16-8123-4364-B3CD-379FE4BAB3ED}.Release|Any CPU.ActiveCfg = Release|Any CPU
		{11A7AF16-8123-4364-B3CD-379FE4BAB3ED}.Release|Any CPU.Build.0 = Release|Any CPU
		{27475E94-2D5D-49E3-ABE0-15A4A25AB260}.Debug|Any CPU.ActiveCfg = Debug|Any CPU
		{27475E94-2D5D-49E3-ABE0-15A4A25AB260}.Debug|Any CPU.Build.0 = Debug|Any CPU
		{27475E94-2D5D-49E3-ABE0-15A4A25AB260}.Release|Any CPU.ActiveCfg = Release|Any CPU
		{27475E94-2D5D-49E3-ABE0-15A4A25AB260}.Release|Any CPU.Build.0 = Release|Any CPU
		{6DCCC5CC-EBF4-4F22-A805-3891AF4F1E94}.Debug|Any CPU.ActiveCfg = Debug|Any CPU
		{6DCCC5CC-EBF4-4F22-A805-3891AF4F1E94}.Debug|Any CPU.Build.0 = Debug|Any CPU
		{6DCCC5CC-EBF4-4F22-A805-3891AF4F1E94}.Release|Any CPU.ActiveCfg = Release|Any CPU
		{6DCCC5CC-EBF4-4F22-A805-3891AF4F1E94}.Release|Any CPU.Build.0 = Release|Any CPU
		{8CD74CA7-E4BC-4540-B52A-A632CC0800E6}.Debug|Any CPU.ActiveCfg = Debug|Any CPU
		{8CD74CA7-E4BC-4540-B52A-A632CC0800E6}.Debug|Any CPU.Build.0 = Debug|Any CPU
		{8CD74CA7-E4BC-4540-B52A-A632CC0800E6}.Release|Any CPU.ActiveCfg = Release|Any CPU
		{8CD74CA7-E4BC-4540-B52A-A632CC0800E6}.Release|Any CPU.Build.0 = Release|Any CPU
		{A607EA11-DB3C-41E4-B310-DEEFF8118919}.Debug|Any CPU.ActiveCfg = Debug|Any CPU
		{A607EA11-DB3C-41E4-B310-DEEFF8118919}.Debug|Any CPU.Build.0 = Debug|Any CPU
		{A607EA11-DB3C-41E4-B310-DEEFF8118919}.Release|Any CPU.ActiveCfg = Release|Any CPU
		{A607EA11-DB3C-41E4-B310-DEEFF8118919}.Release|Any CPU.Build.0 = Release|Any CPU
		{DF4CAFFB-04D5-4074-A987-0D89C16068F4}.Debug|Any CPU.ActiveCfg = Debug|Any CPU
		{DF4CAFFB-04D5-4074-A987-0D89C16068F4}.Debug|Any CPU.Build.0 = Debug|Any CPU
		{DF4CAFFB-04D5-4074-A987-0D89C16068F4}.Release|Any CPU.ActiveCfg = Release|Any CPU
		{DF4CAFFB-04D5-4074-A987-0D89C16068F4}.Release|Any CPU.Build.0 = Release|Any CPU
		{511AFD93-62CD-4377-B247-FC8987B1EB68}.Debug|Any CPU.ActiveCfg = Debug|Any CPU
		{511AFD93-62CD-4377-B247-FC8987B1EB68}.Debug|Any CPU.Build.0 = Debug|Any CPU
		{511AFD93-62CD-4377-B247-FC8987B1EB68}.Release|Any CPU.ActiveCfg = Release|Any CPU
		{511AFD93-62CD-4377-B247-FC8987B1EB68}.Release|Any CPU.Build.0 = Release|Any CPU
		{C1B8CE83-C9CC-4387-84BF-19AB3D6A084F}.Debug|Any CPU.ActiveCfg = Debug|Any CPU
		{C1B8CE83-C9CC-4387-84BF-19AB3D6A084F}.Debug|Any CPU.Build.0 = Debug|Any CPU
		{C1B8CE83-C9CC-4387-84BF-19AB3D6A084F}.Release|Any CPU.ActiveCfg = Release|Any CPU
		{C1B8CE83-C9CC-4387-84BF-19AB3D6A084F}.Release|Any CPU.Build.0 = Release|Any CPU
		{E208EA28-B4CB-4D1F-8782-5C229F1CE63F}.Debug|Any CPU.ActiveCfg = Debug|Any CPU
		{E208EA28-B4CB-4D1F-8782-5C229F1CE63F}.Debug|Any CPU.Build.0 = Debug|Any CPU
		{E208EA28-B4CB-4D1F-8782-5C229F1CE63F}.Release|Any CPU.ActiveCfg = Release|Any CPU
		{E208EA28-B4CB-4D1F-8782-5C229F1CE63F}.Release|Any CPU.Build.0 = Release|Any CPU
		{DCC3E411-AE13-44F6-99EA-474596362E16}.Debug|Any CPU.ActiveCfg = Debug|Any CPU
		{DCC3E411-AE13-44F6-99EA-474596362E16}.Debug|Any CPU.Build.0 = Debug|Any CPU
		{DCC3E411-AE13-44F6-99EA-474596362E16}.Release|Any CPU.ActiveCfg = Release|Any CPU
		{DCC3E411-AE13-44F6-99EA-474596362E16}.Release|Any CPU.Build.0 = Release|Any CPU
		{72E10F2E-721B-4230-A781-A8FE210B4DF3}.Debug|Any CPU.ActiveCfg = Debug|Any CPU
		{72E10F2E-721B-4230-A781-A8FE210B4DF3}.Debug|Any CPU.Build.0 = Debug|Any CPU
		{72E10F2E-721B-4230-A781-A8FE210B4DF3}.Release|Any CPU.ActiveCfg = Release|Any CPU
		{72E10F2E-721B-4230-A781-A8FE210B4DF3}.Release|Any CPU.Build.0 = Release|Any CPU
		{DCA80EE9-C294-4BCA-8340-1F56758A1DCE}.Debug|Any CPU.ActiveCfg = Debug|Any CPU
		{DCA80EE9-C294-4BCA-8340-1F56758A1DCE}.Debug|Any CPU.Build.0 = Debug|Any CPU
		{DCA80EE9-C294-4BCA-8340-1F56758A1DCE}.Release|Any CPU.ActiveCfg = Release|Any CPU
		{DCA80EE9-C294-4BCA-8340-1F56758A1DCE}.Release|Any CPU.Build.0 = Release|Any CPU
		{52605953-F015-4E2A-8D7C-BBF9027ACAF0}.Debug|Any CPU.ActiveCfg = Debug|Any CPU
		{52605953-F015-4E2A-8D7C-BBF9027ACAF0}.Debug|Any CPU.Build.0 = Debug|Any CPU
		{52605953-F015-4E2A-8D7C-BBF9027ACAF0}.Release|Any CPU.ActiveCfg = Release|Any CPU
		{52605953-F015-4E2A-8D7C-BBF9027ACAF0}.Release|Any CPU.Build.0 = Release|Any CPU
		{DF5D6597-5B15-4799-BD4F-004039B6FEC4}.Debug|Any CPU.ActiveCfg = Debug|Any CPU
		{DF5D6597-5B15-4799-BD4F-004039B6FEC4}.Debug|Any CPU.Build.0 = Debug|Any CPU
		{DF5D6597-5B15-4799-BD4F-004039B6FEC4}.Release|Any CPU.ActiveCfg = Release|Any CPU
		{DF5D6597-5B15-4799-BD4F-004039B6FEC4}.Release|Any CPU.Build.0 = Release|Any CPU
		{B73AE2CE-74BA-4A0E-A15A-BFCF54AD6964}.Debug|Any CPU.ActiveCfg = Debug|Any CPU
		{B73AE2CE-74BA-4A0E-A15A-BFCF54AD6964}.Debug|Any CPU.Build.0 = Debug|Any CPU
		{B73AE2CE-74BA-4A0E-A15A-BFCF54AD6964}.Release|Any CPU.ActiveCfg = Release|Any CPU
		{B73AE2CE-74BA-4A0E-A15A-BFCF54AD6964}.Release|Any CPU.Build.0 = Release|Any CPU
		{2266CC94-059E-4C43-BF9A-7B0E9E243243}.Debug|Any CPU.ActiveCfg = Debug|Any CPU
		{2266CC94-059E-4C43-BF9A-7B0E9E243243}.Debug|Any CPU.Build.0 = Debug|Any CPU
		{2266CC94-059E-4C43-BF9A-7B0E9E243243}.Release|Any CPU.ActiveCfg = Release|Any CPU
		{2266CC94-059E-4C43-BF9A-7B0E9E243243}.Release|Any CPU.Build.0 = Release|Any CPU
		{75C0F70E-4169-4856-83A6-5D39B151F6F3}.Debug|Any CPU.ActiveCfg = Debug|Any CPU
		{75C0F70E-4169-4856-83A6-5D39B151F6F3}.Debug|Any CPU.Build.0 = Debug|Any CPU
		{75C0F70E-4169-4856-83A6-5D39B151F6F3}.Release|Any CPU.ActiveCfg = Release|Any CPU
		{75C0F70E-4169-4856-83A6-5D39B151F6F3}.Release|Any CPU.Build.0 = Release|Any CPU
		{EE428652-A719-41CA-8927-9E66B143F784}.Debug|Any CPU.ActiveCfg = Debug|Any CPU
		{EE428652-A719-41CA-8927-9E66B143F784}.Debug|Any CPU.Build.0 = Debug|Any CPU
		{EE428652-A719-41CA-8927-9E66B143F784}.Release|Any CPU.ActiveCfg = Release|Any CPU
		{EE428652-A719-41CA-8927-9E66B143F784}.Release|Any CPU.Build.0 = Release|Any CPU
		{E771D2F6-497C-4CDE-98B4-353A5B49F744}.Debug|Any CPU.ActiveCfg = Debug|Any CPU
		{E771D2F6-497C-4CDE-98B4-353A5B49F744}.Debug|Any CPU.Build.0 = Debug|Any CPU
		{E771D2F6-497C-4CDE-98B4-353A5B49F744}.Release|Any CPU.ActiveCfg = Release|Any CPU
		{E771D2F6-497C-4CDE-98B4-353A5B49F744}.Release|Any CPU.Build.0 = Release|Any CPU
		{694817C1-BBE0-4662-BE98-3F9399035DE1}.Debug|Any CPU.ActiveCfg = Debug|Any CPU
		{694817C1-BBE0-4662-BE98-3F9399035DE1}.Debug|Any CPU.Build.0 = Debug|Any CPU
		{694817C1-BBE0-4662-BE98-3F9399035DE1}.Release|Any CPU.ActiveCfg = Release|Any CPU
		{694817C1-BBE0-4662-BE98-3F9399035DE1}.Release|Any CPU.Build.0 = Release|Any CPU
		{0D9F6090-E642-418E-B940-68EE9D4A5E65}.Debug|Any CPU.ActiveCfg = Debug|Any CPU
		{0D9F6090-E642-418E-B940-68EE9D4A5E65}.Debug|Any CPU.Build.0 = Debug|Any CPU
		{0D9F6090-E642-418E-B940-68EE9D4A5E65}.Release|Any CPU.ActiveCfg = Release|Any CPU
		{0D9F6090-E642-418E-B940-68EE9D4A5E65}.Release|Any CPU.Build.0 = Release|Any CPU
		{6753AD5A-58BB-41C2-8DCC-192ECFC5ACD4}.Debug|Any CPU.ActiveCfg = Debug|Any CPU
		{6753AD5A-58BB-41C2-8DCC-192ECFC5ACD4}.Debug|Any CPU.Build.0 = Debug|Any CPU
		{6753AD5A-58BB-41C2-8DCC-192ECFC5ACD4}.Release|Any CPU.ActiveCfg = Release|Any CPU
		{6753AD5A-58BB-41C2-8DCC-192ECFC5ACD4}.Release|Any CPU.Build.0 = Release|Any CPU
		{A4AEDBE5-8888-4474-B721-119A0836E283}.Debug|Any CPU.ActiveCfg = Debug|Any CPU
		{A4AEDBE5-8888-4474-B721-119A0836E283}.Debug|Any CPU.Build.0 = Debug|Any CPU
		{A4AEDBE5-8888-4474-B721-119A0836E283}.Release|Any CPU.ActiveCfg = Release|Any CPU
		{A4AEDBE5-8888-4474-B721-119A0836E283}.Release|Any CPU.Build.0 = Release|Any CPU
		{06E7D2D8-C25F-4B7D-933C-4C2841F0B02A}.Debug|Any CPU.ActiveCfg = Debug|Any CPU
		{06E7D2D8-C25F-4B7D-933C-4C2841F0B02A}.Debug|Any CPU.Build.0 = Debug|Any CPU
		{06E7D2D8-C25F-4B7D-933C-4C2841F0B02A}.Release|Any CPU.ActiveCfg = Release|Any CPU
		{06E7D2D8-C25F-4B7D-933C-4C2841F0B02A}.Release|Any CPU.Build.0 = Release|Any CPU
		{53CAA9D2-01DA-4880-8849-417519DDE4EB}.Debug|Any CPU.ActiveCfg = Debug|Any CPU
		{53CAA9D2-01DA-4880-8849-417519DDE4EB}.Debug|Any CPU.Build.0 = Debug|Any CPU
		{53CAA9D2-01DA-4880-8849-417519DDE4EB}.Release|Any CPU.ActiveCfg = Release|Any CPU
		{53CAA9D2-01DA-4880-8849-417519DDE4EB}.Release|Any CPU.Build.0 = Release|Any CPU
		{2F424A8E-49FB-4E9D-AE28-B1FD2683C61F}.Debug|Any CPU.ActiveCfg = Debug|Any CPU
		{2F424A8E-49FB-4E9D-AE28-B1FD2683C61F}.Debug|Any CPU.Build.0 = Debug|Any CPU
		{2F424A8E-49FB-4E9D-AE28-B1FD2683C61F}.Release|Any CPU.ActiveCfg = Release|Any CPU
		{2F424A8E-49FB-4E9D-AE28-B1FD2683C61F}.Release|Any CPU.Build.0 = Release|Any CPU
		{97163236-D9EB-44D0-A9BC-5998FBAF4E4E}.Debug|Any CPU.ActiveCfg = Debug|Any CPU
		{97163236-D9EB-44D0-A9BC-5998FBAF4E4E}.Debug|Any CPU.Build.0 = Debug|Any CPU
		{97163236-D9EB-44D0-A9BC-5998FBAF4E4E}.Release|Any CPU.ActiveCfg = Release|Any CPU
		{97163236-D9EB-44D0-A9BC-5998FBAF4E4E}.Release|Any CPU.Build.0 = Release|Any CPU
		{B1E42D23-5937-44B8-AED7-18C3161005D8}.Debug|Any CPU.ActiveCfg = Debug|Any CPU
		{B1E42D23-5937-44B8-AED7-18C3161005D8}.Debug|Any CPU.Build.0 = Debug|Any CPU
		{B1E42D23-5937-44B8-AED7-18C3161005D8}.Release|Any CPU.ActiveCfg = Release|Any CPU
		{B1E42D23-5937-44B8-AED7-18C3161005D8}.Release|Any CPU.Build.0 = Release|Any CPU
		{18790098-4357-4AE4-9557-F7EC53549F6E}.Debug|Any CPU.ActiveCfg = Debug|Any CPU
		{18790098-4357-4AE4-9557-F7EC53549F6E}.Debug|Any CPU.Build.0 = Debug|Any CPU
		{18790098-4357-4AE4-9557-F7EC53549F6E}.Release|Any CPU.ActiveCfg = Release|Any CPU
		{18790098-4357-4AE4-9557-F7EC53549F6E}.Release|Any CPU.Build.0 = Release|Any CPU
		{CB123D94-7E72-43AE-95A4-8323345D73FC}.Debug|Any CPU.ActiveCfg = Debug|Any CPU
		{CB123D94-7E72-43AE-95A4-8323345D73FC}.Debug|Any CPU.Build.0 = Debug|Any CPU
		{CB123D94-7E72-43AE-95A4-8323345D73FC}.Release|Any CPU.ActiveCfg = Release|Any CPU
		{CB123D94-7E72-43AE-95A4-8323345D73FC}.Release|Any CPU.Build.0 = Release|Any CPU
		{FAD4B469-7979-4D1F-BA02-9A7077BFBD30}.Debug|Any CPU.ActiveCfg = Debug|Any CPU
		{FAD4B469-7979-4D1F-BA02-9A7077BFBD30}.Debug|Any CPU.Build.0 = Debug|Any CPU
		{FAD4B469-7979-4D1F-BA02-9A7077BFBD30}.Release|Any CPU.ActiveCfg = Release|Any CPU
		{FAD4B469-7979-4D1F-BA02-9A7077BFBD30}.Release|Any CPU.Build.0 = Release|Any CPU
		{C8500C46-20B5-4C80-890A-F7FCF0FD91BF}.Debug|Any CPU.ActiveCfg = Debug|Any CPU
		{C8500C46-20B5-4C80-890A-F7FCF0FD91BF}.Debug|Any CPU.Build.0 = Debug|Any CPU
		{C8500C46-20B5-4C80-890A-F7FCF0FD91BF}.Release|Any CPU.ActiveCfg = Release|Any CPU
		{C8500C46-20B5-4C80-890A-F7FCF0FD91BF}.Release|Any CPU.Build.0 = Release|Any CPU
		{D52B5160-D8F6-4FA0-9360-AFC955D037B2}.Debug|Any CPU.ActiveCfg = Debug|Any CPU
		{D52B5160-D8F6-4FA0-9360-AFC955D037B2}.Debug|Any CPU.Build.0 = Debug|Any CPU
		{D52B5160-D8F6-4FA0-9360-AFC955D037B2}.Release|Any CPU.ActiveCfg = Release|Any CPU
		{D52B5160-D8F6-4FA0-9360-AFC955D037B2}.Release|Any CPU.Build.0 = Release|Any CPU
		{B01C6658-AB9C-4645-BDA9-49B67E6D7514}.Debug|Any CPU.ActiveCfg = Debug|Any CPU
		{B01C6658-AB9C-4645-BDA9-49B67E6D7514}.Debug|Any CPU.Build.0 = Debug|Any CPU
		{B01C6658-AB9C-4645-BDA9-49B67E6D7514}.Release|Any CPU.ActiveCfg = Release|Any CPU
		{B01C6658-AB9C-4645-BDA9-49B67E6D7514}.Release|Any CPU.Build.0 = Release|Any CPU
		{20050E6D-3F77-4ACC-878F-FC762394B010}.Debug|Any CPU.ActiveCfg = Debug|Any CPU
		{20050E6D-3F77-4ACC-878F-FC762394B010}.Debug|Any CPU.Build.0 = Debug|Any CPU
		{20050E6D-3F77-4ACC-878F-FC762394B010}.Release|Any CPU.ActiveCfg = Release|Any CPU
		{20050E6D-3F77-4ACC-878F-FC762394B010}.Release|Any CPU.Build.0 = Release|Any CPU
		{653BB3A6-1CF2-459B-A926-468407B7BB4D}.Debug|Any CPU.ActiveCfg = Debug|Any CPU
		{653BB3A6-1CF2-459B-A926-468407B7BB4D}.Debug|Any CPU.Build.0 = Debug|Any CPU
		{653BB3A6-1CF2-459B-A926-468407B7BB4D}.Release|Any CPU.ActiveCfg = Release|Any CPU
		{653BB3A6-1CF2-459B-A926-468407B7BB4D}.Release|Any CPU.Build.0 = Release|Any CPU
		{2D46ECB6-2095-4A13-AD00-00059B86FA6B}.Debug|Any CPU.ActiveCfg = Debug|Any CPU
		{2D46ECB6-2095-4A13-AD00-00059B86FA6B}.Debug|Any CPU.Build.0 = Debug|Any CPU
		{2D46ECB6-2095-4A13-AD00-00059B86FA6B}.Release|Any CPU.ActiveCfg = Release|Any CPU
		{2D46ECB6-2095-4A13-AD00-00059B86FA6B}.Release|Any CPU.Build.0 = Release|Any CPU
		{8991E232-9316-45E6-B6CE-388F2941051B}.Debug|Any CPU.ActiveCfg = Debug|Any CPU
		{8991E232-9316-45E6-B6CE-388F2941051B}.Debug|Any CPU.Build.0 = Debug|Any CPU
		{8991E232-9316-45E6-B6CE-388F2941051B}.Release|Any CPU.ActiveCfg = Release|Any CPU
		{8991E232-9316-45E6-B6CE-388F2941051B}.Release|Any CPU.Build.0 = Release|Any CPU
		{4A8714D0-A94F-4F30-8AF0-DB131EF22276}.Debug|Any CPU.ActiveCfg = Debug|Any CPU
		{4A8714D0-A94F-4F30-8AF0-DB131EF22276}.Debug|Any CPU.Build.0 = Debug|Any CPU
		{4A8714D0-A94F-4F30-8AF0-DB131EF22276}.Release|Any CPU.ActiveCfg = Release|Any CPU
		{4A8714D0-A94F-4F30-8AF0-DB131EF22276}.Release|Any CPU.Build.0 = Release|Any CPU
		{CCBA1C4C-C56F-47DA-ADE1-903ED2054EA6}.Debug|Any CPU.ActiveCfg = Debug|Any CPU
		{CCBA1C4C-C56F-47DA-ADE1-903ED2054EA6}.Debug|Any CPU.Build.0 = Debug|Any CPU
		{CCBA1C4C-C56F-47DA-ADE1-903ED2054EA6}.Release|Any CPU.ActiveCfg = Release|Any CPU
		{CCBA1C4C-C56F-47DA-ADE1-903ED2054EA6}.Release|Any CPU.Build.0 = Release|Any CPU
		{9D839325-4D9C-44A8-8FD1-D716A8493998}.Debug|Any CPU.ActiveCfg = Debug|Any CPU
		{9D839325-4D9C-44A8-8FD1-D716A8493998}.Debug|Any CPU.Build.0 = Debug|Any CPU
		{9D839325-4D9C-44A8-8FD1-D716A8493998}.Release|Any CPU.ActiveCfg = Release|Any CPU
		{9D839325-4D9C-44A8-8FD1-D716A8493998}.Release|Any CPU.Build.0 = Release|Any CPU
		{DC84EB46-EA67-437B-BA24-E3D3F62F8618}.Debug|Any CPU.ActiveCfg = Debug|Any CPU
		{DC84EB46-EA67-437B-BA24-E3D3F62F8618}.Debug|Any CPU.Build.0 = Debug|Any CPU
		{DC84EB46-EA67-437B-BA24-E3D3F62F8618}.Release|Any CPU.ActiveCfg = Release|Any CPU
		{DC84EB46-EA67-437B-BA24-E3D3F62F8618}.Release|Any CPU.Build.0 = Release|Any CPU
		{7664D889-008C-43FB-BBFB-3B9714492697}.Debug|Any CPU.ActiveCfg = Debug|Any CPU
		{7664D889-008C-43FB-BBFB-3B9714492697}.Debug|Any CPU.Build.0 = Debug|Any CPU
		{7664D889-008C-43FB-BBFB-3B9714492697}.Release|Any CPU.ActiveCfg = Release|Any CPU
		{7664D889-008C-43FB-BBFB-3B9714492697}.Release|Any CPU.Build.0 = Release|Any CPU
		{5DD1FCEE-8B2D-448E-8429-E21D0529AB82}.Debug|Any CPU.ActiveCfg = Debug|Any CPU
		{5DD1FCEE-8B2D-448E-8429-E21D0529AB82}.Debug|Any CPU.Build.0 = Debug|Any CPU
		{5DD1FCEE-8B2D-448E-8429-E21D0529AB82}.Release|Any CPU.ActiveCfg = Release|Any CPU
		{5DD1FCEE-8B2D-448E-8429-E21D0529AB82}.Release|Any CPU.Build.0 = Release|Any CPU
		{8928F3B1-55AD-4DF2-B8EC-0C784A09E86F}.Debug|Any CPU.ActiveCfg = Debug|Any CPU
		{8928F3B1-55AD-4DF2-B8EC-0C784A09E86F}.Debug|Any CPU.Build.0 = Debug|Any CPU
		{8928F3B1-55AD-4DF2-B8EC-0C784A09E86F}.Release|Any CPU.ActiveCfg = Release|Any CPU
		{8928F3B1-55AD-4DF2-B8EC-0C784A09E86F}.Release|Any CPU.Build.0 = Release|Any CPU
		{8672C422-BE60-453E-B845-C0795F4DF84E}.Debug|Any CPU.ActiveCfg = Debug|Any CPU
		{8672C422-BE60-453E-B845-C0795F4DF84E}.Debug|Any CPU.Build.0 = Debug|Any CPU
		{8672C422-BE60-453E-B845-C0795F4DF84E}.Release|Any CPU.ActiveCfg = Release|Any CPU
		{8672C422-BE60-453E-B845-C0795F4DF84E}.Release|Any CPU.Build.0 = Release|Any CPU
		{A7C3D4CA-3949-4CB1-AF97-E50806A96AD2}.Debug|Any CPU.ActiveCfg = Debug|Any CPU
		{A7C3D4CA-3949-4CB1-AF97-E50806A96AD2}.Debug|Any CPU.Build.0 = Debug|Any CPU
		{A7C3D4CA-3949-4CB1-AF97-E50806A96AD2}.Release|Any CPU.ActiveCfg = Release|Any CPU
		{A7C3D4CA-3949-4CB1-AF97-E50806A96AD2}.Release|Any CPU.Build.0 = Release|Any CPU
		{DC38E1CA-D446-4F4C-A25C-A7AAE3CD1E22}.Debug|Any CPU.ActiveCfg = Debug|Any CPU
		{DC38E1CA-D446-4F4C-A25C-A7AAE3CD1E22}.Debug|Any CPU.Build.0 = Debug|Any CPU
		{DC38E1CA-D446-4F4C-A25C-A7AAE3CD1E22}.Release|Any CPU.ActiveCfg = Release|Any CPU
		{DC38E1CA-D446-4F4C-A25C-A7AAE3CD1E22}.Release|Any CPU.Build.0 = Release|Any CPU
		{B26C191C-6F2B-4A83-9440-CFA67A6301A7}.Debug|Any CPU.ActiveCfg = Debug|Any CPU
		{B26C191C-6F2B-4A83-9440-CFA67A6301A7}.Debug|Any CPU.Build.0 = Debug|Any CPU
		{B26C191C-6F2B-4A83-9440-CFA67A6301A7}.Release|Any CPU.ActiveCfg = Release|Any CPU
		{B26C191C-6F2B-4A83-9440-CFA67A6301A7}.Release|Any CPU.Build.0 = Release|Any CPU
		{70DD0702-DFBC-4D77-992D-FA8BF97CE86F}.Debug|Any CPU.ActiveCfg = Debug|Any CPU
		{70DD0702-DFBC-4D77-992D-FA8BF97CE86F}.Debug|Any CPU.Build.0 = Debug|Any CPU
		{70DD0702-DFBC-4D77-992D-FA8BF97CE86F}.Release|Any CPU.ActiveCfg = Release|Any CPU
		{70DD0702-DFBC-4D77-992D-FA8BF97CE86F}.Release|Any CPU.Build.0 = Release|Any CPU
		{A2AE2CCA-6FF2-43C1-8DE1-6B5E9442B229}.Debug|Any CPU.ActiveCfg = Debug|Any CPU
		{A2AE2CCA-6FF2-43C1-8DE1-6B5E9442B229}.Debug|Any CPU.Build.0 = Debug|Any CPU
		{A2AE2CCA-6FF2-43C1-8DE1-6B5E9442B229}.Release|Any CPU.ActiveCfg = Release|Any CPU
		{A2AE2CCA-6FF2-43C1-8DE1-6B5E9442B229}.Release|Any CPU.Build.0 = Release|Any CPU
		{9FE20FEF-BE36-4FC5-B188-455ABD019AE7}.Debug|Any CPU.ActiveCfg = Debug|Any CPU
		{9FE20FEF-BE36-4FC5-B188-455ABD019AE7}.Debug|Any CPU.Build.0 = Debug|Any CPU
		{9FE20FEF-BE36-4FC5-B188-455ABD019AE7}.Release|Any CPU.ActiveCfg = Release|Any CPU
		{9FE20FEF-BE36-4FC5-B188-455ABD019AE7}.Release|Any CPU.Build.0 = Release|Any CPU
		{76A9C163-EBFA-4876-AAD1-039492D2A053}.Debug|Any CPU.ActiveCfg = Debug|Any CPU
		{76A9C163-EBFA-4876-AAD1-039492D2A053}.Debug|Any CPU.Build.0 = Debug|Any CPU
		{76A9C163-EBFA-4876-AAD1-039492D2A053}.Release|Any CPU.ActiveCfg = Release|Any CPU
		{76A9C163-EBFA-4876-AAD1-039492D2A053}.Release|Any CPU.Build.0 = Release|Any CPU
		{D88F105B-B13A-49D5-8365-CD4D719ECD09}.Debug|Any CPU.ActiveCfg = Debug|Any CPU
		{D88F105B-B13A-49D5-8365-CD4D719ECD09}.Debug|Any CPU.Build.0 = Debug|Any CPU
		{D88F105B-B13A-49D5-8365-CD4D719ECD09}.Release|Any CPU.ActiveCfg = Release|Any CPU
		{D88F105B-B13A-49D5-8365-CD4D719ECD09}.Release|Any CPU.Build.0 = Release|Any CPU
		{01CE2E45-6F0D-4421-AF31-612C973538DF}.Debug|Any CPU.ActiveCfg = Debug|Any CPU
		{01CE2E45-6F0D-4421-AF31-612C973538DF}.Debug|Any CPU.Build.0 = Debug|Any CPU
		{01CE2E45-6F0D-4421-AF31-612C973538DF}.Release|Any CPU.ActiveCfg = Release|Any CPU
		{01CE2E45-6F0D-4421-AF31-612C973538DF}.Release|Any CPU.Build.0 = Release|Any CPU
		{DE7BAC93-1FFF-457F-9600-1706A49A60EE}.Debug|Any CPU.ActiveCfg = Debug|Any CPU
		{DE7BAC93-1FFF-457F-9600-1706A49A60EE}.Debug|Any CPU.Build.0 = Debug|Any CPU
		{DE7BAC93-1FFF-457F-9600-1706A49A60EE}.Release|Any CPU.ActiveCfg = Release|Any CPU
		{DE7BAC93-1FFF-457F-9600-1706A49A60EE}.Release|Any CPU.Build.0 = Release|Any CPU
		{E13CF571-FA0B-44F9-AD09-99668464CD4A}.Debug|Any CPU.ActiveCfg = Debug|Any CPU
		{E13CF571-FA0B-44F9-AD09-99668464CD4A}.Debug|Any CPU.Build.0 = Debug|Any CPU
		{E13CF571-FA0B-44F9-AD09-99668464CD4A}.Release|Any CPU.ActiveCfg = Release|Any CPU
		{E13CF571-FA0B-44F9-AD09-99668464CD4A}.Release|Any CPU.Build.0 = Release|Any CPU
		{E4E41E7C-9860-44E0-9B65-3F162C5760A2}.Debug|Any CPU.ActiveCfg = Debug|Any CPU
		{E4E41E7C-9860-44E0-9B65-3F162C5760A2}.Debug|Any CPU.Build.0 = Debug|Any CPU
		{E4E41E7C-9860-44E0-9B65-3F162C5760A2}.Release|Any CPU.ActiveCfg = Release|Any CPU
		{E4E41E7C-9860-44E0-9B65-3F162C5760A2}.Release|Any CPU.Build.0 = Release|Any CPU
		{31B6393D-2F82-49B7-B49B-DEF315D28B0E}.Debug|Any CPU.ActiveCfg = Debug|Any CPU
		{31B6393D-2F82-49B7-B49B-DEF315D28B0E}.Debug|Any CPU.Build.0 = Debug|Any CPU
		{31B6393D-2F82-49B7-B49B-DEF315D28B0E}.Release|Any CPU.ActiveCfg = Release|Any CPU
		{31B6393D-2F82-49B7-B49B-DEF315D28B0E}.Release|Any CPU.Build.0 = Release|Any CPU
		{964A43A6-B000-4A22-9E46-313D5A273ECE}.Debug|Any CPU.ActiveCfg = Debug|Any CPU
		{964A43A6-B000-4A22-9E46-313D5A273ECE}.Debug|Any CPU.Build.0 = Debug|Any CPU
		{964A43A6-B000-4A22-9E46-313D5A273ECE}.Release|Any CPU.ActiveCfg = Release|Any CPU
		{964A43A6-B000-4A22-9E46-313D5A273ECE}.Release|Any CPU.Build.0 = Release|Any CPU
		{3C47E349-9A87-45B9-972B-B408CA70FF4B}.Debug|Any CPU.ActiveCfg = Debug|Any CPU
		{3C47E349-9A87-45B9-972B-B408CA70FF4B}.Debug|Any CPU.Build.0 = Debug|Any CPU
		{3C47E349-9A87-45B9-972B-B408CA70FF4B}.Release|Any CPU.ActiveCfg = Release|Any CPU
		{3C47E349-9A87-45B9-972B-B408CA70FF4B}.Release|Any CPU.Build.0 = Release|Any CPU
		{CECC9025-6771-4EC9-8460-7D8F7CD1273D}.Debug|Any CPU.ActiveCfg = Debug|Any CPU
		{CECC9025-6771-4EC9-8460-7D8F7CD1273D}.Debug|Any CPU.Build.0 = Debug|Any CPU
		{CECC9025-6771-4EC9-8460-7D8F7CD1273D}.Release|Any CPU.ActiveCfg = Release|Any CPU
		{CECC9025-6771-4EC9-8460-7D8F7CD1273D}.Release|Any CPU.Build.0 = Release|Any CPU
		{658C4B03-E05E-43D6-AD12-E649B190323D}.Debug|Any CPU.ActiveCfg = Debug|Any CPU
		{658C4B03-E05E-43D6-AD12-E649B190323D}.Debug|Any CPU.Build.0 = Debug|Any CPU
		{658C4B03-E05E-43D6-AD12-E649B190323D}.Release|Any CPU.ActiveCfg = Release|Any CPU
		{658C4B03-E05E-43D6-AD12-E649B190323D}.Release|Any CPU.Build.0 = Release|Any CPU
		{F2509B44-FD6A-4611-88E3-7694C77D0656}.Debug|Any CPU.ActiveCfg = Debug|Any CPU
		{F2509B44-FD6A-4611-88E3-7694C77D0656}.Debug|Any CPU.Build.0 = Debug|Any CPU
		{F2509B44-FD6A-4611-88E3-7694C77D0656}.Release|Any CPU.ActiveCfg = Release|Any CPU
		{F2509B44-FD6A-4611-88E3-7694C77D0656}.Release|Any CPU.Build.0 = Release|Any CPU
		{BA5DD250-0A2D-4649-ADAD-340847DF937E}.Debug|Any CPU.ActiveCfg = Debug|Any CPU
		{BA5DD250-0A2D-4649-ADAD-340847DF937E}.Debug|Any CPU.Build.0 = Debug|Any CPU
		{BA5DD250-0A2D-4649-ADAD-340847DF937E}.Release|Any CPU.ActiveCfg = Release|Any CPU
		{BA5DD250-0A2D-4649-ADAD-340847DF937E}.Release|Any CPU.Build.0 = Release|Any CPU
		{9CEF229B-9355-4EB1-81FF-C39136EB968D}.Debug|Any CPU.ActiveCfg = Debug|Any CPU
		{9CEF229B-9355-4EB1-81FF-C39136EB968D}.Debug|Any CPU.Build.0 = Debug|Any CPU
		{9CEF229B-9355-4EB1-81FF-C39136EB968D}.Release|Any CPU.ActiveCfg = Release|Any CPU
		{9CEF229B-9355-4EB1-81FF-C39136EB968D}.Release|Any CPU.Build.0 = Release|Any CPU
		{C6243416-5ECF-43C8-ADC9-70B00988320A}.Debug|Any CPU.ActiveCfg = Debug|Any CPU
		{C6243416-5ECF-43C8-ADC9-70B00988320A}.Debug|Any CPU.Build.0 = Debug|Any CPU
		{C6243416-5ECF-43C8-ADC9-70B00988320A}.Release|Any CPU.ActiveCfg = Release|Any CPU
		{C6243416-5ECF-43C8-ADC9-70B00988320A}.Release|Any CPU.Build.0 = Release|Any CPU
		{2F044C2E-BF5E-4821-BD67-5FD96375CB81}.Debug|Any CPU.ActiveCfg = Debug|Any CPU
		{2F044C2E-BF5E-4821-BD67-5FD96375CB81}.Debug|Any CPU.Build.0 = Debug|Any CPU
		{2F044C2E-BF5E-4821-BD67-5FD96375CB81}.Release|Any CPU.ActiveCfg = Release|Any CPU
		{2F044C2E-BF5E-4821-BD67-5FD96375CB81}.Release|Any CPU.Build.0 = Release|Any CPU
		{BB373D3C-65E3-47DB-9124-7F39F1543C4A}.Debug|Any CPU.ActiveCfg = Debug|Any CPU
		{BB373D3C-65E3-47DB-9124-7F39F1543C4A}.Debug|Any CPU.Build.0 = Debug|Any CPU
		{BB373D3C-65E3-47DB-9124-7F39F1543C4A}.Release|Any CPU.ActiveCfg = Release|Any CPU
		{BB373D3C-65E3-47DB-9124-7F39F1543C4A}.Release|Any CPU.Build.0 = Release|Any CPU
		{DB0C9475-9B0E-4051-A35D-D0E614BEB7A0}.Debug|Any CPU.ActiveCfg = Debug|Any CPU
		{DB0C9475-9B0E-4051-A35D-D0E614BEB7A0}.Debug|Any CPU.Build.0 = Debug|Any CPU
		{DB0C9475-9B0E-4051-A35D-D0E614BEB7A0}.Release|Any CPU.ActiveCfg = Release|Any CPU
		{DB0C9475-9B0E-4051-A35D-D0E614BEB7A0}.Release|Any CPU.Build.0 = Release|Any CPU
		{9993EE76-D3D2-49BE-96E7-39C82A66C4B6}.Debug|Any CPU.ActiveCfg = Debug|Any CPU
		{9993EE76-D3D2-49BE-96E7-39C82A66C4B6}.Debug|Any CPU.Build.0 = Debug|Any CPU
		{9993EE76-D3D2-49BE-96E7-39C82A66C4B6}.Release|Any CPU.ActiveCfg = Release|Any CPU
		{9993EE76-D3D2-49BE-96E7-39C82A66C4B6}.Release|Any CPU.Build.0 = Release|Any CPU
		{3C2E3ADA-F261-41A1-9D1F-D06BCE31FE5F}.Debug|Any CPU.ActiveCfg = Debug|Any CPU
		{3C2E3ADA-F261-41A1-9D1F-D06BCE31FE5F}.Debug|Any CPU.Build.0 = Debug|Any CPU
		{3C2E3ADA-F261-41A1-9D1F-D06BCE31FE5F}.Release|Any CPU.ActiveCfg = Release|Any CPU
		{3C2E3ADA-F261-41A1-9D1F-D06BCE31FE5F}.Release|Any CPU.Build.0 = Release|Any CPU
		{BC6A328A-09BB-489A-8548-5E065C50705B}.Debug|Any CPU.ActiveCfg = Debug|Any CPU
		{BC6A328A-09BB-489A-8548-5E065C50705B}.Debug|Any CPU.Build.0 = Debug|Any CPU
		{BC6A328A-09BB-489A-8548-5E065C50705B}.Release|Any CPU.ActiveCfg = Release|Any CPU
		{BC6A328A-09BB-489A-8548-5E065C50705B}.Release|Any CPU.Build.0 = Release|Any CPU
		{02E02B67-073E-4B5F-937A-8F29F989C354}.Debug|Any CPU.ActiveCfg = Debug|Any CPU
		{02E02B67-073E-4B5F-937A-8F29F989C354}.Debug|Any CPU.Build.0 = Debug|Any CPU
		{02E02B67-073E-4B5F-937A-8F29F989C354}.Release|Any CPU.ActiveCfg = Release|Any CPU
		{02E02B67-073E-4B5F-937A-8F29F989C354}.Release|Any CPU.Build.0 = Release|Any CPU
		{D06EF52F-D3EE-4FD6-A6E8-0136EA376077}.Debug|Any CPU.ActiveCfg = Debug|Any CPU
		{D06EF52F-D3EE-4FD6-A6E8-0136EA376077}.Debug|Any CPU.Build.0 = Debug|Any CPU
		{D06EF52F-D3EE-4FD6-A6E8-0136EA376077}.Release|Any CPU.ActiveCfg = Release|Any CPU
		{D06EF52F-D3EE-4FD6-A6E8-0136EA376077}.Release|Any CPU.Build.0 = Release|Any CPU
		{FE846C94-7800-4C59-BAFF-FEDB5068450A}.Debug|Any CPU.ActiveCfg = Debug|Any CPU
		{FE846C94-7800-4C59-BAFF-FEDB5068450A}.Debug|Any CPU.Build.0 = Debug|Any CPU
		{FE846C94-7800-4C59-BAFF-FEDB5068450A}.Release|Any CPU.ActiveCfg = Release|Any CPU
		{FE846C94-7800-4C59-BAFF-FEDB5068450A}.Release|Any CPU.Build.0 = Release|Any CPU
		{EE6A5AEB-AFDE-4D50-9058-D080538A4431}.Debug|Any CPU.ActiveCfg = Debug|Any CPU
		{EE6A5AEB-AFDE-4D50-9058-D080538A4431}.Debug|Any CPU.Build.0 = Debug|Any CPU
		{EE6A5AEB-AFDE-4D50-9058-D080538A4431}.Release|Any CPU.ActiveCfg = Release|Any CPU
		{EE6A5AEB-AFDE-4D50-9058-D080538A4431}.Release|Any CPU.Build.0 = Release|Any CPU
		{FAD96F99-80C4-4FD7-8DFE-7684B9F41C54}.Debug|Any CPU.ActiveCfg = Debug|Any CPU
		{FAD96F99-80C4-4FD7-8DFE-7684B9F41C54}.Debug|Any CPU.Build.0 = Debug|Any CPU
		{FAD96F99-80C4-4FD7-8DFE-7684B9F41C54}.Release|Any CPU.ActiveCfg = Release|Any CPU
		{FAD96F99-80C4-4FD7-8DFE-7684B9F41C54}.Release|Any CPU.Build.0 = Release|Any CPU
		{A87CFE21-37DA-47A2-AD2A-ADC0BB0D0352}.Debug|Any CPU.ActiveCfg = Debug|Any CPU
		{A87CFE21-37DA-47A2-AD2A-ADC0BB0D0352}.Debug|Any CPU.Build.0 = Debug|Any CPU
		{A87CFE21-37DA-47A2-AD2A-ADC0BB0D0352}.Release|Any CPU.ActiveCfg = Release|Any CPU
		{A87CFE21-37DA-47A2-AD2A-ADC0BB0D0352}.Release|Any CPU.Build.0 = Release|Any CPU
		{0931EE88-E098-4372-9410-1F6E2E1211CB}.Debug|Any CPU.ActiveCfg = Debug|Any CPU
		{0931EE88-E098-4372-9410-1F6E2E1211CB}.Debug|Any CPU.Build.0 = Debug|Any CPU
		{0931EE88-E098-4372-9410-1F6E2E1211CB}.Release|Any CPU.ActiveCfg = Release|Any CPU
		{0931EE88-E098-4372-9410-1F6E2E1211CB}.Release|Any CPU.Build.0 = Release|Any CPU
		{6ED77E77-310B-4553-8375-97B8D1F33547}.Debug|Any CPU.ActiveCfg = Debug|Any CPU
		{6ED77E77-310B-4553-8375-97B8D1F33547}.Debug|Any CPU.Build.0 = Debug|Any CPU
		{6ED77E77-310B-4553-8375-97B8D1F33547}.Release|Any CPU.ActiveCfg = Release|Any CPU
		{6ED77E77-310B-4553-8375-97B8D1F33547}.Release|Any CPU.Build.0 = Release|Any CPU
		{09DA4411-4636-49B4-A6C1-147B375A962B}.Debug|Any CPU.ActiveCfg = Debug|Any CPU
		{09DA4411-4636-49B4-A6C1-147B375A962B}.Debug|Any CPU.Build.0 = Debug|Any CPU
		{09DA4411-4636-49B4-A6C1-147B375A962B}.Release|Any CPU.ActiveCfg = Release|Any CPU
		{09DA4411-4636-49B4-A6C1-147B375A962B}.Release|Any CPU.Build.0 = Release|Any CPU
		{96D9738B-A94D-4DEF-8F55-F5CFD59EFDEF}.Debug|Any CPU.ActiveCfg = Debug|Any CPU
		{96D9738B-A94D-4DEF-8F55-F5CFD59EFDEF}.Debug|Any CPU.Build.0 = Debug|Any CPU
		{96D9738B-A94D-4DEF-8F55-F5CFD59EFDEF}.Release|Any CPU.ActiveCfg = Release|Any CPU
		{96D9738B-A94D-4DEF-8F55-F5CFD59EFDEF}.Release|Any CPU.Build.0 = Release|Any CPU
		{8C3C70A7-B12A-4748-B36B-D8D8D25A05CB}.Debug|Any CPU.ActiveCfg = Debug|Any CPU
		{8C3C70A7-B12A-4748-B36B-D8D8D25A05CB}.Debug|Any CPU.Build.0 = Debug|Any CPU
		{8C3C70A7-B12A-4748-B36B-D8D8D25A05CB}.Release|Any CPU.ActiveCfg = Release|Any CPU
		{8C3C70A7-B12A-4748-B36B-D8D8D25A05CB}.Release|Any CPU.Build.0 = Release|Any CPU
		{5D1E58FC-F0AB-4D4D-A6D2-F2E428DEB1E2}.Debug|Any CPU.ActiveCfg = Debug|Any CPU
		{5D1E58FC-F0AB-4D4D-A6D2-F2E428DEB1E2}.Debug|Any CPU.Build.0 = Debug|Any CPU
		{5D1E58FC-F0AB-4D4D-A6D2-F2E428DEB1E2}.Release|Any CPU.ActiveCfg = Release|Any CPU
		{5D1E58FC-F0AB-4D4D-A6D2-F2E428DEB1E2}.Release|Any CPU.Build.0 = Release|Any CPU
		{32C19346-ECEB-40D9-92FF-A08D89AC3E89}.Debug|Any CPU.ActiveCfg = Debug|Any CPU
		{32C19346-ECEB-40D9-92FF-A08D89AC3E89}.Debug|Any CPU.Build.0 = Debug|Any CPU
		{32C19346-ECEB-40D9-92FF-A08D89AC3E89}.Release|Any CPU.ActiveCfg = Release|Any CPU
		{32C19346-ECEB-40D9-92FF-A08D89AC3E89}.Release|Any CPU.Build.0 = Release|Any CPU
		{2E0457C8-6417-4F02-9E59-CAD2FD968711}.Debug|Any CPU.ActiveCfg = Debug|Any CPU
		{2E0457C8-6417-4F02-9E59-CAD2FD968711}.Debug|Any CPU.Build.0 = Debug|Any CPU
		{2E0457C8-6417-4F02-9E59-CAD2FD968711}.Release|Any CPU.ActiveCfg = Release|Any CPU
		{2E0457C8-6417-4F02-9E59-CAD2FD968711}.Release|Any CPU.Build.0 = Release|Any CPU
		{C6D0CFFF-10AA-4692-998C-4CAAAE985BA9}.Debug|Any CPU.ActiveCfg = Debug|Any CPU
		{C6D0CFFF-10AA-4692-998C-4CAAAE985BA9}.Debug|Any CPU.Build.0 = Debug|Any CPU
		{C6D0CFFF-10AA-4692-998C-4CAAAE985BA9}.Release|Any CPU.ActiveCfg = Release|Any CPU
		{C6D0CFFF-10AA-4692-998C-4CAAAE985BA9}.Release|Any CPU.Build.0 = Release|Any CPU
		{186DE26D-366C-4F16-B5D8-D23911439EAA}.Debug|Any CPU.ActiveCfg = Debug|Any CPU
		{186DE26D-366C-4F16-B5D8-D23911439EAA}.Debug|Any CPU.Build.0 = Debug|Any CPU
		{186DE26D-366C-4F16-B5D8-D23911439EAA}.Release|Any CPU.ActiveCfg = Release|Any CPU
		{186DE26D-366C-4F16-B5D8-D23911439EAA}.Release|Any CPU.Build.0 = Release|Any CPU
		{2646EC39-5EB6-4FE5-AE48-3390C324A8E0}.Debug|Any CPU.ActiveCfg = Debug|Any CPU
		{2646EC39-5EB6-4FE5-AE48-3390C324A8E0}.Debug|Any CPU.Build.0 = Debug|Any CPU
		{2646EC39-5EB6-4FE5-AE48-3390C324A8E0}.Release|Any CPU.ActiveCfg = Release|Any CPU
		{2646EC39-5EB6-4FE5-AE48-3390C324A8E0}.Release|Any CPU.Build.0 = Release|Any CPU
		{386C8ACF-0393-4DEA-AD53-583EC4F618AE}.Debug|Any CPU.ActiveCfg = Debug|Any CPU
		{386C8ACF-0393-4DEA-AD53-583EC4F618AE}.Debug|Any CPU.Build.0 = Debug|Any CPU
		{386C8ACF-0393-4DEA-AD53-583EC4F618AE}.Release|Any CPU.ActiveCfg = Release|Any CPU
		{386C8ACF-0393-4DEA-AD53-583EC4F618AE}.Release|Any CPU.Build.0 = Release|Any CPU
		{9B3EAC3E-7526-4100-96DE-AF3D822F435C}.Debug|Any CPU.ActiveCfg = Debug|Any CPU
		{9B3EAC3E-7526-4100-96DE-AF3D822F435C}.Debug|Any CPU.Build.0 = Debug|Any CPU
		{9B3EAC3E-7526-4100-96DE-AF3D822F435C}.Release|Any CPU.ActiveCfg = Release|Any CPU
		{9B3EAC3E-7526-4100-96DE-AF3D822F435C}.Release|Any CPU.Build.0 = Release|Any CPU
		{B283A5E7-BA3C-4EC2-B67B-E02D8A19AA95}.Debug|Any CPU.ActiveCfg = Debug|Any CPU
		{B283A5E7-BA3C-4EC2-B67B-E02D8A19AA95}.Debug|Any CPU.Build.0 = Debug|Any CPU
		{B283A5E7-BA3C-4EC2-B67B-E02D8A19AA95}.Release|Any CPU.ActiveCfg = Release|Any CPU
		{B283A5E7-BA3C-4EC2-B67B-E02D8A19AA95}.Release|Any CPU.Build.0 = Release|Any CPU
		{EF40586C-B907-475A-BF06-E0B19BF133EE}.Debug|Any CPU.ActiveCfg = Debug|Any CPU
		{EF40586C-B907-475A-BF06-E0B19BF133EE}.Debug|Any CPU.Build.0 = Debug|Any CPU
		{EF40586C-B907-475A-BF06-E0B19BF133EE}.Release|Any CPU.ActiveCfg = Release|Any CPU
		{EF40586C-B907-475A-BF06-E0B19BF133EE}.Release|Any CPU.Build.0 = Release|Any CPU
		{F8EC80A8-93CE-4CFA-8C9E-3BD78AC99ABF}.Debug|Any CPU.ActiveCfg = Debug|Any CPU
		{F8EC80A8-93CE-4CFA-8C9E-3BD78AC99ABF}.Debug|Any CPU.Build.0 = Debug|Any CPU
		{F8EC80A8-93CE-4CFA-8C9E-3BD78AC99ABF}.Release|Any CPU.ActiveCfg = Release|Any CPU
		{F8EC80A8-93CE-4CFA-8C9E-3BD78AC99ABF}.Release|Any CPU.Build.0 = Release|Any CPU
		{526D9E55-EEEA-4C65-BBDF-55FAD2DBE050}.Debug|Any CPU.ActiveCfg = Debug|Any CPU
		{526D9E55-EEEA-4C65-BBDF-55FAD2DBE050}.Debug|Any CPU.Build.0 = Debug|Any CPU
		{526D9E55-EEEA-4C65-BBDF-55FAD2DBE050}.Release|Any CPU.ActiveCfg = Release|Any CPU
		{526D9E55-EEEA-4C65-BBDF-55FAD2DBE050}.Release|Any CPU.Build.0 = Release|Any CPU
		{51AC52E3-3ABB-496E-898D-3B0EC4097369}.Debug|Any CPU.ActiveCfg = Debug|Any CPU
		{51AC52E3-3ABB-496E-898D-3B0EC4097369}.Debug|Any CPU.Build.0 = Debug|Any CPU
		{51AC52E3-3ABB-496E-898D-3B0EC4097369}.Release|Any CPU.ActiveCfg = Release|Any CPU
		{51AC52E3-3ABB-496E-898D-3B0EC4097369}.Release|Any CPU.Build.0 = Release|Any CPU
		{C832F578-1912-4E37-A939-BD6DE92513EA}.Debug|Any CPU.ActiveCfg = Debug|Any CPU
		{C832F578-1912-4E37-A939-BD6DE92513EA}.Debug|Any CPU.Build.0 = Debug|Any CPU
		{C832F578-1912-4E37-A939-BD6DE92513EA}.Release|Any CPU.ActiveCfg = Release|Any CPU
		{C832F578-1912-4E37-A939-BD6DE92513EA}.Release|Any CPU.Build.0 = Release|Any CPU
		{18741B0E-9F27-4AA6-B2DB-A6EE7C31C91B}.Debug|Any CPU.ActiveCfg = Debug|Any CPU
		{18741B0E-9F27-4AA6-B2DB-A6EE7C31C91B}.Debug|Any CPU.Build.0 = Debug|Any CPU
		{18741B0E-9F27-4AA6-B2DB-A6EE7C31C91B}.Release|Any CPU.ActiveCfg = Release|Any CPU
		{18741B0E-9F27-4AA6-B2DB-A6EE7C31C91B}.Release|Any CPU.Build.0 = Release|Any CPU
		{16DDEDB1-9F16-45B4-9046-C4D619E53886}.Debug|Any CPU.ActiveCfg = Debug|Any CPU
		{16DDEDB1-9F16-45B4-9046-C4D619E53886}.Debug|Any CPU.Build.0 = Debug|Any CPU
		{16DDEDB1-9F16-45B4-9046-C4D619E53886}.Release|Any CPU.ActiveCfg = Release|Any CPU
		{16DDEDB1-9F16-45B4-9046-C4D619E53886}.Release|Any CPU.Build.0 = Release|Any CPU
		{DC7053B8-6491-4BAB-8BF8-F9BCF4A4E6AE}.Debug|Any CPU.ActiveCfg = Debug|Any CPU
		{DC7053B8-6491-4BAB-8BF8-F9BCF4A4E6AE}.Debug|Any CPU.Build.0 = Debug|Any CPU
		{DC7053B8-6491-4BAB-8BF8-F9BCF4A4E6AE}.Release|Any CPU.ActiveCfg = Release|Any CPU
		{DC7053B8-6491-4BAB-8BF8-F9BCF4A4E6AE}.Release|Any CPU.Build.0 = Release|Any CPU
		{3C0820E7-FC03-4BF8-8983-B1695249F939}.Debug|Any CPU.ActiveCfg = Debug|Any CPU
		{3C0820E7-FC03-4BF8-8983-B1695249F939}.Debug|Any CPU.Build.0 = Debug|Any CPU
		{3C0820E7-FC03-4BF8-8983-B1695249F939}.Release|Any CPU.ActiveCfg = Release|Any CPU
		{3C0820E7-FC03-4BF8-8983-B1695249F939}.Release|Any CPU.Build.0 = Release|Any CPU
		{429D2301-EAE4-4D4C-925B-8FE9F899F088}.Debug|Any CPU.ActiveCfg = Debug|Any CPU
		{429D2301-EAE4-4D4C-925B-8FE9F899F088}.Debug|Any CPU.Build.0 = Debug|Any CPU
		{429D2301-EAE4-4D4C-925B-8FE9F899F088}.Release|Any CPU.ActiveCfg = Release|Any CPU
		{429D2301-EAE4-4D4C-925B-8FE9F899F088}.Release|Any CPU.Build.0 = Release|Any CPU
	EndGlobalSection
	GlobalSection(SolutionProperties) = preSolution
		HideSolutionNode = FALSE
	EndGlobalSection
	GlobalSection(NestedProjects) = preSolution
		{EC134319-6D23-4E86-A145-007423E4D39E} = {91159719-22E6-421B-B14D-66BA72587BBB}
		{A2E75AE8-7E0C-4A86-BEC3-AFFDAEEFDD15} = {DE1DC984-C33A-4280-8D85-C23E0DB8A8C8}
		{D1914296-211F-44CC-9969-C7CB6B84282E} = {4D4E2A39-EB51-40FF-8A2C-E17B33E582E6}
		{2B1757F4-0B4A-4CD9-806B-6F0E3158CFFA} = {DE1DC984-C33A-4280-8D85-C23E0DB8A8C8}
		{36DFBA08-DE99-46E1-9861-E9ED86D8CFBE} = {DE1DC984-C33A-4280-8D85-C23E0DB8A8C8}
		{28A47A79-9C90-4E97-8B96-60515A8BBF22} = {91159719-22E6-421B-B14D-66BA72587BBB}
		{F61DB362-A390-4E2A-94B0-EC30CD09D0B4} = {72C4635D-D363-420D-ACE5-B6F2676C243B}
		{B0094062-184C-4086-852A-CADB7E348303} = {72C4635D-D363-420D-ACE5-B6F2676C243B}
		{49F881D3-8120-413E-AB61-AFF466C421AB} = {72C4635D-D363-420D-ACE5-B6F2676C243B}
		{FAFD93ED-8E33-4E8E-A5A0-1F7C466824D0} = {72C4635D-D363-420D-ACE5-B6F2676C243B}
		{0EF63EE1-9BA2-4B12-8389-7865957B4274} = {4D4E2A39-EB51-40FF-8A2C-E17B33E582E6}
		{36FFA0AB-2F44-4E00-A2F2-2FB043438303} = {62FAC195-2147-432A-A7F6-4F582C22BE34}
		{80A3CCA2-1AC7-4D2B-881F-A9A76EB8AD25} = {62FAC195-2147-432A-A7F6-4F582C22BE34}
		{EB0D0B7B-6267-4868-AD7D-A872CFE06C37} = {62FAC195-2147-432A-A7F6-4F582C22BE34}
		{737490C3-2742-4AFC-9892-CFAC6F41B652} = {72C4635D-D363-420D-ACE5-B6F2676C243B}
		{208E539A-C813-47E9-AFFC-EA6D9649489D} = {72C4635D-D363-420D-ACE5-B6F2676C243B}
		{27475E94-2D5D-49E3-ABE0-15A4A25AB260} = {4D4E2A39-EB51-40FF-8A2C-E17B33E582E6}
		{6DCCC5CC-EBF4-4F22-A805-3891AF4F1E94} = {DE1DC984-C33A-4280-8D85-C23E0DB8A8C8}
		{8CD74CA7-E4BC-4540-B52A-A632CC0800E6} = {DE1DC984-C33A-4280-8D85-C23E0DB8A8C8}
		{A607EA11-DB3C-41E4-B310-DEEFF8118919} = {DE1DC984-C33A-4280-8D85-C23E0DB8A8C8}
		{DF4CAFFB-04D5-4074-A987-0D89C16068F4} = {DE1DC984-C33A-4280-8D85-C23E0DB8A8C8}
		{511AFD93-62CD-4377-B247-FC8987B1EB68} = {4D4E2A39-EB51-40FF-8A2C-E17B33E582E6}
		{C1B8CE83-C9CC-4387-84BF-19AB3D6A084F} = {DE1DC984-C33A-4280-8D85-C23E0DB8A8C8}
		{DCC3E411-AE13-44F6-99EA-474596362E16} = {6834ACB4-F94C-45D7-9338-A1F0CBF25ED2}
		{72E10F2E-721B-4230-A781-A8FE210B4DF3} = {6834ACB4-F94C-45D7-9338-A1F0CBF25ED2}
		{DCA80EE9-C294-4BCA-8340-1F56758A1DCE} = {6834ACB4-F94C-45D7-9338-A1F0CBF25ED2}
		{52605953-F015-4E2A-8D7C-BBF9027ACAF0} = {42E6D1BC-030E-487D-B172-2F48EE81CD2C}
		{DF5D6597-5B15-4799-BD4F-004039B6FEC4} = {42E6D1BC-030E-487D-B172-2F48EE81CD2C}
		{B73AE2CE-74BA-4A0E-A15A-BFCF54AD6964} = {8FD0D03C-D4DD-41BF-8983-7ADE8ECB57DD}
		{2266CC94-059E-4C43-BF9A-7B0E9E243243} = {8FD0D03C-D4DD-41BF-8983-7ADE8ECB57DD}
		{EE428652-A719-41CA-8927-9E66B143F784} = {DE1DC984-C33A-4280-8D85-C23E0DB8A8C8}
		{E771D2F6-497C-4CDE-98B4-353A5B49F744} = {DE1DC984-C33A-4280-8D85-C23E0DB8A8C8}
		{694817C1-BBE0-4662-BE98-3F9399035DE1} = {DE1DC984-C33A-4280-8D85-C23E0DB8A8C8}
		{0D9F6090-E642-418E-B940-68EE9D4A5E65} = {72C4635D-D363-420D-ACE5-B6F2676C243B}
		{6753AD5A-58BB-41C2-8DCC-192ECFC5ACD4} = {36D68D2D-4668-4C4E-98F1-7FA3224B0DBE}
		{A4AEDBE5-8888-4474-B721-119A0836E283} = {36D68D2D-4668-4C4E-98F1-7FA3224B0DBE}
		{06E7D2D8-C25F-4B7D-933C-4C2841F0B02A} = {36D68D2D-4668-4C4E-98F1-7FA3224B0DBE}
		{53CAA9D2-01DA-4880-8849-417519DDE4EB} = {36D68D2D-4668-4C4E-98F1-7FA3224B0DBE}
		{2F424A8E-49FB-4E9D-AE28-B1FD2683C61F} = {36D68D2D-4668-4C4E-98F1-7FA3224B0DBE}
		{97163236-D9EB-44D0-A9BC-5998FBAF4E4E} = {36D68D2D-4668-4C4E-98F1-7FA3224B0DBE}
		{B1E42D23-5937-44B8-AED7-18C3161005D8} = {36D68D2D-4668-4C4E-98F1-7FA3224B0DBE}
		{18790098-4357-4AE4-9557-F7EC53549F6E} = {36D68D2D-4668-4C4E-98F1-7FA3224B0DBE}
		{CB123D94-7E72-43AE-95A4-8323345D73FC} = {5620AC68-045D-403A-9E8E-2A51EC717940}
		{FAD4B469-7979-4D1F-BA02-9A7077BFBD30} = {5620AC68-045D-403A-9E8E-2A51EC717940}
		{C8500C46-20B5-4C80-890A-F7FCF0FD91BF} = {8E235377-C42E-493D-BC53-65394748D9C7}
		{D52B5160-D8F6-4FA0-9360-AFC955D037B2} = {8E235377-C42E-493D-BC53-65394748D9C7}
		{B01C6658-AB9C-4645-BDA9-49B67E6D7514} = {42E6D1BC-030E-487D-B172-2F48EE81CD2C}
		{2D46ECB6-2095-4A13-AD00-00059B86FA6B} = {CA83A627-1E73-4257-AE5D-4DAD01057700}
		{8991E232-9316-45E6-B6CE-388F2941051B} = {E93320D0-CDA3-4D5D-94ED-3F6BA019DCCF}
		{4A8714D0-A94F-4F30-8AF0-DB131EF22276} = {E93320D0-CDA3-4D5D-94ED-3F6BA019DCCF}
		{CCBA1C4C-C56F-47DA-ADE1-903ED2054EA6} = {E93320D0-CDA3-4D5D-94ED-3F6BA019DCCF}
		{DC84EB46-EA67-437B-BA24-E3D3F62F8618} = {36D68D2D-4668-4C4E-98F1-7FA3224B0DBE}
		{7664D889-008C-43FB-BBFB-3B9714492697} = {36D68D2D-4668-4C4E-98F1-7FA3224B0DBE}
		{5DD1FCEE-8B2D-448E-8429-E21D0529AB82} = {DA2705D2-F057-4D43-BACD-506C701DCB2E}
		{8928F3B1-55AD-4DF2-B8EC-0C784A09E86F} = {3530C69F-DA72-4BFE-91C5-D421188F34E2}
		{8672C422-BE60-453E-B845-C0795F4DF84E} = {41225E9E-ACC9-405F-B17D-ADB692A8BE77}
		{A7C3D4CA-3949-4CB1-AF97-E50806A96AD2} = {8E235377-C42E-493D-BC53-65394748D9C7}
		{DC38E1CA-D446-4F4C-A25C-A7AAE3CD1E22} = {E326F53D-BB1D-463A-9645-875327711495}
		{B26C191C-6F2B-4A83-9440-CFA67A6301A7} = {A2AE86AB-4B76-4641-BF1A-C43048DABFC3}
		{70DD0702-DFBC-4D77-992D-FA8BF97CE86F} = {D4F69129-F38A-463A-8522-F3C38A6CD9A3}
		{A2AE2CCA-6FF2-43C1-8DE1-6B5E9442B229} = {38A3ED71-FFFD-43E5-88B9-27FF3000198F}
		{9FE20FEF-BE36-4FC5-B188-455ABD019AE7} = {CA83A627-1E73-4257-AE5D-4DAD01057700}
		{76A9C163-EBFA-4876-AAD1-039492D2A053} = {CA83A627-1E73-4257-AE5D-4DAD01057700}
		{01CE2E45-6F0D-4421-AF31-612C973538DF} = {DA2705D2-F057-4D43-BACD-506C701DCB2E}
		{DE7BAC93-1FFF-457F-9600-1706A49A60EE} = {62FAC195-2147-432A-A7F6-4F582C22BE34}
		{E13CF571-FA0B-44F9-AD09-99668464CD4A} = {62FAC195-2147-432A-A7F6-4F582C22BE34}
		{E4E41E7C-9860-44E0-9B65-3F162C5760A2} = {41225E9E-ACC9-405F-B17D-ADB692A8BE77}
		{31B6393D-2F82-49B7-B49B-DEF315D28B0E} = {41225E9E-ACC9-405F-B17D-ADB692A8BE77}
		{964A43A6-B000-4A22-9E46-313D5A273ECE} = {DA2705D2-F057-4D43-BACD-506C701DCB2E}
		{3C47E349-9A87-45B9-972B-B408CA70FF4B} = {DA2705D2-F057-4D43-BACD-506C701DCB2E}
		{CECC9025-6771-4EC9-8460-7D8F7CD1273D} = {E326F53D-BB1D-463A-9645-875327711495}
		{658C4B03-E05E-43D6-AD12-E649B190323D} = {E326F53D-BB1D-463A-9645-875327711495}
		{F2509B44-FD6A-4611-88E3-7694C77D0656} = {D4F69129-F38A-463A-8522-F3C38A6CD9A3}
		{BA5DD250-0A2D-4649-ADAD-340847DF937E} = {D4F69129-F38A-463A-8522-F3C38A6CD9A3}
		{9CEF229B-9355-4EB1-81FF-C39136EB968D} = {A2AE86AB-4B76-4641-BF1A-C43048DABFC3}
		{D4F69129-F38A-463A-8522-F3C38A6CD9A3} = {E326F53D-BB1D-463A-9645-875327711495}
		{A2AE86AB-4B76-4641-BF1A-C43048DABFC3} = {E326F53D-BB1D-463A-9645-875327711495}
		{C6243416-5ECF-43C8-ADC9-70B00988320A} = {A2AE86AB-4B76-4641-BF1A-C43048DABFC3}
		{38A3ED71-FFFD-43E5-88B9-27FF3000198F} = {E326F53D-BB1D-463A-9645-875327711495}
		{2F044C2E-BF5E-4821-BD67-5FD96375CB81} = {38A3ED71-FFFD-43E5-88B9-27FF3000198F}
		{BB373D3C-65E3-47DB-9124-7F39F1543C4A} = {38A3ED71-FFFD-43E5-88B9-27FF3000198F}
		{DB0C9475-9B0E-4051-A35D-D0E614BEB7A0} = {41225E9E-ACC9-405F-B17D-ADB692A8BE77}
		{9993EE76-D3D2-49BE-96E7-39C82A66C4B6} = {41225E9E-ACC9-405F-B17D-ADB692A8BE77}
		{3C2E3ADA-F261-41A1-9D1F-D06BCE31FE5F} = {3318A3EC-7EF9-4F7E-B725-BB1EB4376B75}
		{BC6A328A-09BB-489A-8548-5E065C50705B} = {3318A3EC-7EF9-4F7E-B725-BB1EB4376B75}
		{02E02B67-073E-4B5F-937A-8F29F989C354} = {991DAE29-7542-4BCB-849B-6BFEDAD30DC9}
		{D06EF52F-D3EE-4FD6-A6E8-0136EA376077} = {991DAE29-7542-4BCB-849B-6BFEDAD30DC9}
		{FE846C94-7800-4C59-BAFF-FEDB5068450A} = {991DAE29-7542-4BCB-849B-6BFEDAD30DC9}
		{EE6A5AEB-AFDE-4D50-9058-D080538A4431} = {991DAE29-7542-4BCB-849B-6BFEDAD30DC9}
		{FAD96F99-80C4-4FD7-8DFE-7684B9F41C54} = {991DAE29-7542-4BCB-849B-6BFEDAD30DC9}
		{A87CFE21-37DA-47A2-AD2A-ADC0BB0D0352} = {42AE2F0E-8595-4A36-9C79-F0DFB1EEF101}
		{0931EE88-E098-4372-9410-1F6E2E1211CB} = {42AE2F0E-8595-4A36-9C79-F0DFB1EEF101}
		{6ED77E77-310B-4553-8375-97B8D1F33547} = {42AE2F0E-8595-4A36-9C79-F0DFB1EEF101}
		{09DA4411-4636-49B4-A6C1-147B375A962B} = {41435C01-408A-445A-88A3-A4011C4B0B65}
		{96D9738B-A94D-4DEF-8F55-F5CFD59EFDEF} = {41435C01-408A-445A-88A3-A4011C4B0B65}
		{8C3C70A7-B12A-4748-B36B-D8D8D25A05CB} = {41435C01-408A-445A-88A3-A4011C4B0B65}
		{5D1E58FC-F0AB-4D4D-A6D2-F2E428DEB1E2} = {CEBBD04A-DC31-4C1F-9C19-DFA5C9499AA1}
		{32C19346-ECEB-40D9-92FF-A08D89AC3E89} = {CEBBD04A-DC31-4C1F-9C19-DFA5C9499AA1}
		{2E0457C8-6417-4F02-9E59-CAD2FD968711} = {6B903B00-4995-414B-AC6B-7CBC25402B78}
		{C6D0CFFF-10AA-4692-998C-4CAAAE985BA9} = {6B903B00-4995-414B-AC6B-7CBC25402B78}
		{6B903B00-4995-414B-AC6B-7CBC25402B78} = {031EAE5A-0052-4142-A7A2-D7C58CC706C2}
		{F50F9676-2FA5-4793-9CC7-F53EABC4CCC3} = {031EAE5A-0052-4142-A7A2-D7C58CC706C2}
		{6EBDDC57-27C5-403B-9063-E6F50696D578} = {F50F9676-2FA5-4793-9CC7-F53EABC4CCC3}
		{B9534963-0D03-499A-8389-A17C0260F4B6} = {F50F9676-2FA5-4793-9CC7-F53EABC4CCC3}
		{186DE26D-366C-4F16-B5D8-D23911439EAA} = {630E348D-7BFC-44E6-8DF3-4211E0FBBE50}
		{2646EC39-5EB6-4FE5-AE48-3390C324A8E0} = {373FA3AB-8F61-4EAE-9E84-4588576C830E}
		{386C8ACF-0393-4DEA-AD53-583EC4F618AE} = {8E235377-C42E-493D-BC53-65394748D9C7}
		{9B3EAC3E-7526-4100-96DE-AF3D822F435C} = {373FA3AB-8F61-4EAE-9E84-4588576C830E}
		{EF40586C-B907-475A-BF06-E0B19BF133EE} = {36D68D2D-4668-4C4E-98F1-7FA3224B0DBE}
		{526D9E55-EEEA-4C65-BBDF-55FAD2DBE050} = {62FAC195-2147-432A-A7F6-4F582C22BE34}
		{51AC52E3-3ABB-496E-898D-3B0EC4097369} = {72C4635D-D363-420D-ACE5-B6F2676C243B}
		{C832F578-1912-4E37-A939-BD6DE92513EA} = {AA1CB087-8FAD-4B22-82C6-605C497EF0A7}
		{18741B0E-9F27-4AA6-B2DB-A6EE7C31C91B} = {CEBBD04A-DC31-4C1F-9C19-DFA5C9499AA1}
		{16DDEDB1-9F16-45B4-9046-C4D619E53886} = {CEBBD04A-DC31-4C1F-9C19-DFA5C9499AA1}
		{DC7053B8-6491-4BAB-8BF8-F9BCF4A4E6AE} = {CEBBD04A-DC31-4C1F-9C19-DFA5C9499AA1}
		{3C0820E7-FC03-4BF8-8983-B1695249F939} = {CEBBD04A-DC31-4C1F-9C19-DFA5C9499AA1}
		{429D2301-EAE4-4D4C-925B-8FE9F899F088} = {CEBBD04A-DC31-4C1F-9C19-DFA5C9499AA1}
	EndGlobalSection
	GlobalSection(ExtensibilityGlobals) = postSolution
		SolutionGuid = {25651972-302D-458B-A9CD-158A74CEB559}
	EndGlobalSection
EndGlobal
